PODS:
  - Alamofire (4.3.0)
  - Charts (3.0.1):
    - Charts/Core (= 3.0.1)
  - Charts/Core (3.0.1)
  - Firebase/Core (3.12.0):
    - FirebaseAnalytics (= 3.6.0)
    - FirebaseCore (= 3.4.7)
  - Firebase/Crash (3.12.0):
    - Firebase/Core
    - FirebaseCrash (= 1.1.5)
  - FirebaseAnalytics (3.6.0):
    - FirebaseCore (~> 3.4)
    - FirebaseInstanceID (~> 1.0)
    - GoogleInterchangeUtilities (~> 1.2)
    - GoogleSymbolUtilities (~> 1.1)
    - GoogleToolboxForMac/NSData+zlib (~> 2.1)
  - FirebaseCore (3.4.7):
    - GoogleInterchangeUtilities (~> 1.2)
    - GoogleSymbolUtilities (~> 1.1)
    - GoogleToolboxForMac/NSData+zlib (~> 2.1)
  - FirebaseCrash (1.1.5):
    - FirebaseAnalytics (~> 3.6)
    - FirebaseInstanceID (~> 1.0)
    - GoogleInterchangeUtilities (~> 1.2)
    - GoogleSymbolUtilities (~> 1.1)
    - GoogleToolboxForMac/Logger (~> 2.1)
    - GoogleToolboxForMac/NSData+zlib (~> 2.1)
  - FirebaseInstanceID (1.0.8)
  - GoogleInterchangeUtilities (1.2.2):
    - GoogleSymbolUtilities (~> 1.1)
  - GoogleSymbolUtilities (1.1.2)
  - GoogleToolboxForMac/Defines (2.1.1)
  - GoogleToolboxForMac/Logger (2.1.1):
    - GoogleToolboxForMac/Defines (= 2.1.1)
  - GoogleToolboxForMac/NSData+zlib (2.1.1):
    - GoogleToolboxForMac/Defines (= 2.1.1)
  - ImageSlideshow (1.0.0):
    - ImageSlideshow/Core (= 1.0.0)
  - ImageSlideshow/Core (1.0.0)
  - Kingfisher (3.3.3)
  - Nimble (6.0.1)
  - ObjectMapper (2.2.2)
  - PKHUD (4.2.0)
  - Quick (1.0.0)
  - Realm (2.4.2):
    - Realm/Headers (= 2.4.2)
  - Realm/Headers (2.4.2)
  - RealmSwift (2.4.2):
    - Realm (= 2.4.2)
  - Reusable (3.0.1):
    - Reusable/Storyboard (= 3.0.1)
    - Reusable/View (= 3.0.1)
  - Reusable/Storyboard (3.0.1)
  - Reusable/View (3.0.1)
  - SnapKit (3.1.2)
  - TextFieldEffects (1.3.0)

DEPENDENCIES:
  - Alamofire
  - Charts
  - Firebase/Core
  - Firebase/Crash
  - ImageSlideshow
  - Kingfisher
  - Nimble
  - ObjectMapper
  - PKHUD
  - Quick
  - RealmSwift
  - Reusable
  - SnapKit
  - TextFieldEffects

SPEC CHECKSUMS:
  Alamofire: 856a113053a7bc9cbe5d6367a555d773fc5cfef7
  Charts: 0e84f4418e87dad6a9edde221fba37ebb51d3ba7
  Firebase: 8e99eb1ff553ad5bcc6072cc3d925bb89c1244d6
  FirebaseAnalytics: 9c67af0ebeb8d2146c9b4ea2616439affa947b58
  FirebaseCore: 46afaf2c2e0419ea7d3acfb08cf26a461a75fe85
  FirebaseCrash: 30cf0e3a8b676a2d96e5157d9fb361039fcb2a46
  FirebaseInstanceID: ba1e640935235e5fac39dfa816fe7660e72e1a8a
  GoogleInterchangeUtilities: d5bc4d88d5b661ab72f9d70c58d02ca8c27ad1f7
  GoogleSymbolUtilities: 631ee17048aa5e9ab133470d768ea997a5ef9b96
  GoogleToolboxForMac: 8e329f1b599f2512c6b10676d45736bcc2cbbeb0
  ImageSlideshow: 2787e10e202b79ecf5348a205c539fcc5bb8e62b
  Kingfisher: 893215a42e5c2164e916f69463c68003092b104c
  Nimble: 1527fd1bd2b4cf0636251a36bc8ab37e81da8347
  ObjectMapper: 9e385c2295bcc4e16eabbcfc85db801442bba545
  PKHUD: 48af884cf00c2213b0313b739d914e6cab1c0f5e
  Quick: 8024e4a47e6cc03a9d5245ef0948264fc6d27cff
  Realm: d27b758e12d62a3371879a065d4c40aa212c5a54
  RealmSwift: 9556c0fe0f0cfecacfb755ae9e68ff379fc6bead
  Reusable: 5362d10271ca8316b104698a21e90498f47e8339
  SnapKit: 12b24f569cb7c143acc9c22b9d91b23e7b1c84a2
  TextFieldEffects: ef594746f17997c813e07633f8ae5acaf9b04f27

PODFILE CHECKSUM: ea3973a46612ba3a17833d4bf6a522d970ef85d0

COCOAPODS: 1.2.0
