PODS:
  - Alamofire (4.5.1)
  - Charts (3.0.4):
    - Charts/Core (= 3.0.4)
  - Charts/Core (3.0.4)
  - Firebase/Core (4.2.0):
    - FirebaseAnalytics (= 4.0.3)
    - FirebaseCore (= 4.0.7)
  - Firebase/Crash (4.2.0):
    - Firebase/Core
    - FirebaseCrash (= 2.0.2)
  - FirebaseAnalytics (4.0.3):
    - FirebaseCore (~> 4.0)
    - FirebaseInstanceID (~> 2.0)
    - GoogleToolboxForMac/NSData+zlib (~> 2.1)
    - nanopb (~> 0.3)
  - FirebaseCore (4.0.7):
    - GoogleToolboxForMac/NSData+zlib (~> 2.1)
    - nanopb (~> 0.3)
  - FirebaseCrash (2.0.2):
    - FirebaseAnalytics (~> 4.0)
    - FirebaseInstanceID (~> 2.0)
    - GoogleToolboxForMac/Logger (~> 2.1)
    - GoogleToolboxForMac/NSData+zlib (~> 2.1)
    - Protobuf (~> 3.1)
  - FirebaseInstanceID (2.0.3)
  - FTPopOverMenu_Swift (0.0.9)
  - GoogleToolboxForMac/Defines (2.1.1)
  - GoogleToolboxForMac/Logger (2.1.1):
    - GoogleToolboxForMac/Defines (= 2.1.1)
  - GoogleToolboxForMac/NSData+zlib (2.1.1):
    - GoogleToolboxForMac/Defines (= 2.1.1)
  - ImageSlideshow (1.4.0):
    - ImageSlideshow/Core (= 1.4.0)
  - ImageSlideshow/Core (1.4.0)
  - Kingfisher (4.0.1)
  - nanopb (0.3.8):
    - nanopb/decode (= 0.3.8)
    - nanopb/encode (= 0.3.8)
  - nanopb/decode (0.3.8)
  - nanopb/encode (0.3.8)
  - Nimble (7.0.1)
  - ObjectMapper (3.0.0)
  - PKHUD (4.2.3)
  - Protobuf (3.4.0)
  - Quick (1.1.0)
  - Realm (2.10.1):
    - Realm/Headers (= 2.10.1)
  - Realm/Headers (2.10.1)
  - RealmSwift (2.10.1):
    - Realm (= 2.10.1)
  - Reusable (4.0.0):
    - Reusable/Storyboard (= 4.0.0)
    - Reusable/View (= 4.0.0)
  - Reusable/Storyboard (4.0.0)
  - Reusable/View (4.0.0)
  - SnapKit (4.0.0)
  - SwiftMessages (4.0.0)
  - TextFieldEffects (1.3.3)

DEPENDENCIES:
  - Alamofire
  - Charts
  - Firebase/Core
  - Firebase/Crash
  - FTPopOverMenu_Swift
  - ImageSlideshow
  - Kingfisher
  - Nimble
  - ObjectMapper
  - PKHUD
  - Quick
  - RealmSwift
  - Reusable
  - SnapKit
  - SwiftMessages
  - TextFieldEffects

SPEC CHECKSUMS:
  Alamofire: 2d95912bf4c34f164fdfc335872e8c312acaea4a
  Charts: 0705898046257443f0afbbc3179f4b67507b6e48
  Firebase: 9548cae14d69718add12d75a5b312893f7ef89c7
  FirebaseAnalytics: 76f754d37ca5b04f36856729b6af3ca0152d1069
  FirebaseCore: 9a6cc1e3eaf75905390f9220596ad4fd8f92faee
  FirebaseCrash: cded0fc566c03651aea606a101bc156085f333ca
  FirebaseInstanceID: a4fc702b5a026f7322964376047f1a3f1f7cc6ff
  FTPopOverMenu_Swift: 3c1c01a5005a06230ea4b7b9f4a96300f5748bd7
  GoogleToolboxForMac: 8e329f1b599f2512c6b10676d45736bcc2cbbeb0
  ImageSlideshow: 2c4de19eae796a46f1c827f9d3520d3193079613
  Kingfisher: b771785e9461ed4b8686d40e7145f9e58100cb24
  nanopb: 5601e6bca2dbf1ed831b519092ec110f66982ca3
  Nimble: 657d000e11df8aebe27cdaf9d244de7f30ed87f7
  ObjectMapper: 92230db59bf8f341a5c3a3cf0b9fbdde3cf0d87f
  PKHUD: c7692163a09875cbf15827dc581df3c5cf7f1015
  Protobuf: 03eef2ee0b674770735cf79d9c4d3659cf6908e8
  Quick: dafc587e21eed9f4cab3249b9f9015b0b7a7f71d
  Realm: fc7a317a5c2c9ba91f5f235ede4e2ea76e9eba0c
  RealmSwift: 505ed6c15942a2e76f5cfa78a8667cfa997ee75b
  Reusable: 98e5fff1e0e2e00872199699b276dde08ee56c07
  SnapKit: a42d492c16e80209130a3379f73596c3454b7694
  SwiftMessages: cd565e0e7d095584be1770c012c6b5be4183b5ee
  TextFieldEffects: 8706f53525f1ce51c8921b7af32237caab50c467

PODFILE CHECKSUM: 824789c8777631de2cd6ad3c9b0b55667da6b924

COCOAPODS: 1.3.1
