PODS:
  - Realm (10.24.1):
    - Realm/Headers (= 10.24.1)
  - Realm/Headers (10.24.1)
  - RealmSwift (10.24.1):
    - Realm (= 10.24.1)

DEPENDENCIES:
  - RealmSwift

SPEC REPOS:
  trunk:
    - Realm
    - RealmSwift

SPEC CHECKSUMS:
  Realm: f9bc5a212a9ab084b4ed90cda1c28d835a38a06b
  RealmSwift: 0b03bb38001bee4280dcc27709e6b33f438cfad1

PODFILE CHECKSUM: ec1f07fa92eb476355165af345772bc9c267326e

COCOAPODS: 1.11.3
