// !$*UTF8*$!
{
	archiveVersion = 1;
	classes = {
	};
	objectVersion = 46;
	objects = {

/* Begin PBXBuildFile section */
		6EEB8E59A7CCF724CAD4D6C3 /* Pods_SWDestiny_TradesTests.framework in Frameworks */ = {isa = PBXBuildFile; fileRef = 05BA23E165219E258E61F16F /* Pods_SWDestiny_TradesTests.framework */; };
		DD0905191E244E4000D9EFB0 /* SetsTableView.swift in Sources */ = {isa = PBXBuildFile; fileRef = DD0905181E244E4000D9EFB0 /* SetsTableView.swift */; };
		DD09051B1E2450B300D9EFB0 /* SetsView.swift in Sources */ = {isa = PBXBuildFile; fileRef = DD09051A1E2450B300D9EFB0 /* SetsView.swift */; };
		DD0905211E24594E00D9EFB0 /* AddCardViewController.swift in Sources */ = {isa = PBXBuildFile; fileRef = DD09051E1E24594E00D9EFB0 /* AddCardViewController.swift */; };
		DD0905461E24701D00D9EFB0 /* CardListViewController.swift in Sources */ = {isa = PBXBuildFile; fileRef = DD09052A1E24701D00D9EFB0 /* CardListViewController.swift */; };
		DD0905471E24701D00D9EFB0 /* CardsAPIClient.swift in Sources */ = {isa = PBXBuildFile; fileRef = DD09052B1E24701D00D9EFB0 /* CardsAPIClient.swift */; };
		DD0905481E24701D00D9EFB0 /* CardListDatasource.swift in Sources */ = {isa = PBXBuildFile; fileRef = DD09052D1E24701D00D9EFB0 /* CardListDatasource.swift */; };
		DD0905491E24701D00D9EFB0 /* CardDTO.swift in Sources */ = {isa = PBXBuildFile; fileRef = DD09052F1E24701D00D9EFB0 /* CardDTO.swift */; };
		DD09054A1E24701D00D9EFB0 /* CardCell.swift in Sources */ = {isa = PBXBuildFile; fileRef = DD0905311E24701D00D9EFB0 /* CardCell.swift */; };
		DD09054B1E24701D00D9EFB0 /* CardListTableView.swift in Sources */ = {isa = PBXBuildFile; fileRef = DD0905321E24701D00D9EFB0 /* CardListTableView.swift */; };
		DD09054C1E24701D00D9EFB0 /* CardListView.swift in Sources */ = {isa = PBXBuildFile; fileRef = DD0905331E24701D00D9EFB0 /* CardListView.swift */; };
		DD09054D1E24701D00D9EFB0 /* LoansDetailViewController.swift in Sources */ = {isa = PBXBuildFile; fileRef = DD0905361E24701D00D9EFB0 /* LoansDetailViewController.swift */; };
		DD09054E1E24701D00D9EFB0 /* LoansDetailDatasource.swift in Sources */ = {isa = PBXBuildFile; fileRef = DD0905381E24701D00D9EFB0 /* LoansDetailDatasource.swift */; };
		DD09054F1E24701D00D9EFB0 /* LoanDetailCell.swift in Sources */ = {isa = PBXBuildFile; fileRef = DD09053A1E24701D00D9EFB0 /* LoanDetailCell.swift */; };
		DD0905501E24701D00D9EFB0 /* LoanDetailTableView.swift in Sources */ = {isa = PBXBuildFile; fileRef = DD09053B1E24701D00D9EFB0 /* LoanDetailTableView.swift */; };
		DD0905511E24701D00D9EFB0 /* LoanDetailView.swift in Sources */ = {isa = PBXBuildFile; fileRef = DD09053C1E24701D00D9EFB0 /* LoanDetailView.swift */; };
		DD0905521E24701D00D9EFB0 /* PeopleListViewController.swift in Sources */ = {isa = PBXBuildFile; fileRef = DD09053F1E24701D00D9EFB0 /* PeopleListViewController.swift */; };
		DD0905531E24701D00D9EFB0 /* PeopleListDatasource.swift in Sources */ = {isa = PBXBuildFile; fileRef = DD0905411E24701D00D9EFB0 /* PeopleListDatasource.swift */; };
		DD0905541E24701D00D9EFB0 /* PersonDTO.swift in Sources */ = {isa = PBXBuildFile; fileRef = DD0905431E24701D00D9EFB0 /* PersonDTO.swift */; };
		DD0905551E24701D00D9EFB0 /* PersonCell.swift in Sources */ = {isa = PBXBuildFile; fileRef = DD0905451E24701D00D9EFB0 /* PersonCell.swift */; };
		DD0905591E2472B300D9EFB0 /* SWDTabBarViewController.swift in Sources */ = {isa = PBXBuildFile; fileRef = DD0905581E2472B300D9EFB0 /* SWDTabBarViewController.swift */; };
		DD09055C1E24759000D9EFB0 /* ApperanceProxyHelper.swift in Sources */ = {isa = PBXBuildFile; fileRef = DD09055B1E24759000D9EFB0 /* ApperanceProxyHelper.swift */; };
		DD0F80FF1E23C9980088BE43 /* SetsAPIClient.swift in Sources */ = {isa = PBXBuildFile; fileRef = DD0F80F71E23C9980088BE43 /* SetsAPIClient.swift */; };
		DD0F81001E23C9980088BE43 /* SetsListViewController.swift in Sources */ = {isa = PBXBuildFile; fileRef = DD0F80F81E23C9980088BE43 /* SetsListViewController.swift */; };
		DD0F81011E23C9980088BE43 /* SetsListDatasource.swift in Sources */ = {isa = PBXBuildFile; fileRef = DD0F80FA1E23C9980088BE43 /* SetsListDatasource.swift */; };
		DD0F81021E23C9980088BE43 /* SetDTO.swift in Sources */ = {isa = PBXBuildFile; fileRef = DD0F80FC1E23C9980088BE43 /* SetDTO.swift */; };
		DD0F81031E23C9980088BE43 /* SetsTableCell.swift in Sources */ = {isa = PBXBuildFile; fileRef = DD0F80FE1E23C9980088BE43 /* SetsTableCell.swift */; };
		DD2742E41E1E742500F8DDED /* BaseViewCell.swift in Sources */ = {isa = PBXBuildFile; fileRef = DD2742E31E1E742500F8DDED /* BaseViewCell.swift */; };
		DD61B93C1E1FBC1400F38482 /* SearchTableView.swift in Sources */ = {isa = PBXBuildFile; fileRef = DD61B93B1E1FBC1400F38482 /* SearchTableView.swift */; };
		DD61B93F1E1FBCA400F38482 /* SearchDatasource.swift in Sources */ = {isa = PBXBuildFile; fileRef = DD61B93E1E1FBCA400F38482 /* SearchDatasource.swift */; };
		DD61B9411E1FC59600F38482 /* SearchView.swift in Sources */ = {isa = PBXBuildFile; fileRef = DD61B9401E1FC59600F38482 /* SearchView.swift */; };
		DD61B9431E1FCE8C00F38482 /* SearchBar.swift in Sources */ = {isa = PBXBuildFile; fileRef = DD61B9421E1FCE8C00F38482 /* SearchBar.swift */; };
		DD6ADEE11E1ADB75008E04CE /* GoogleService-Info.plist in Resources */ = {isa = PBXBuildFile; fileRef = DD6ADEE01E1ADB75008E04CE /* GoogleService-Info.plist */; };
		DD6E06911E114E88004A5653 /* Assets.xcassets in Resources */ = {isa = PBXBuildFile; fileRef = DD6E06901E114E88004A5653 /* Assets.xcassets */; };
		DD6E06941E114E88004A5653 /* LaunchScreen.storyboard in Resources */ = {isa = PBXBuildFile; fileRef = DD6E06921E114E88004A5653 /* LaunchScreen.storyboard */; };
		DD6E069F1E114E88004A5653 /* SWDestiny_TradesTests.swift in Sources */ = {isa = PBXBuildFile; fileRef = DD6E069E1E114E88004A5653 /* SWDestiny_TradesTests.swift */; };
		DD77FCED1E13DC3F0046EFCA /* SearchListViewController.swift in Sources */ = {isa = PBXBuildFile; fileRef = DD77FCEA1E13DC3F0046EFCA /* SearchListViewController.swift */; };
		DD77FCEE1E13DC3F0046EFCA /* CardSearchCell.swift in Sources */ = {isa = PBXBuildFile; fileRef = DD77FCEC1E13DC3F0046EFCA /* CardSearchCell.swift */; };
		DD7FF0F61E1DCD69004FC6CF /* BaseViewConfiguration.swift in Sources */ = {isa = PBXBuildFile; fileRef = DD7FF0F51E1DCD69004FC6CF /* BaseViewConfiguration.swift */; };
		DD7FF0F91E1DCEAB004FC6CF /* AboutView.swift in Sources */ = {isa = PBXBuildFile; fileRef = DD7FF0F81E1DCEAB004FC6CF /* AboutView.swift */; };
		DD7FF0FE1E1DE524004FC6CF /* NewPersonViewController.swift in Sources */ = {isa = PBXBuildFile; fileRef = DD7FF0FC1E1DE524004FC6CF /* NewPersonViewController.swift */; };
		DD7FF1001E1DE56C004FC6CF /* NewPersonView.swift in Sources */ = {isa = PBXBuildFile; fileRef = DD7FF0FF1E1DE56C004FC6CF /* NewPersonView.swift */; };
		DD8CE75A1E1C27FB00110B07 /* AboutViewController.swift in Sources */ = {isa = PBXBuildFile; fileRef = DD8CE7591E1C27FB00110B07 /* AboutViewController.swift */; };
		DD8E8AA61E11610100C54FD9 /* AppDelegate.swift in Sources */ = {isa = PBXBuildFile; fileRef = DD8E8A9C1E11610100C54FD9 /* AppDelegate.swift */; };
		DD9289081E11933C00FDEC48 /* BaseAPIClient.swift in Sources */ = {isa = PBXBuildFile; fileRef = DD9289071E11933C00FDEC48 /* BaseAPIClient.swift */; };
		DDCDE3831E1DF7A600B4BE18 /* CardDetailViewController.swift in Sources */ = {isa = PBXBuildFile; fileRef = DDCDE3811E1DF7A600B4BE18 /* CardDetailViewController.swift */; };
		DDCDE3851E1DF7BD00B4BE18 /* CardView.swift in Sources */ = {isa = PBXBuildFile; fileRef = DDCDE3841E1DF7BD00B4BE18 /* CardView.swift */; };
		DDCDE3881E1DFA2300B4BE18 /* UIImageView+Kingfisher.swift in Sources */ = {isa = PBXBuildFile; fileRef = DDCDE3871E1DFA2300B4BE18 /* UIImageView+Kingfisher.swift */; };
		DDCDE38A1E1DFE8C00B4BE18 /* String+Utils.swift in Sources */ = {isa = PBXBuildFile; fileRef = DDCDE3891E1DFE8C00B4BE18 /* String+Utils.swift */; };
		DDCEF4161E248379007EACC5 /* PeopleListTableView.swift in Sources */ = {isa = PBXBuildFile; fileRef = DDCEF4151E248379007EACC5 /* PeopleListTableView.swift */; };
		DDCEF4181E2484D8007EACC5 /* PeopleListView.swift in Sources */ = {isa = PBXBuildFile; fileRef = DDCEF4171E2484D8007EACC5 /* PeopleListView.swift */; };
		DDE9233A1E1A8A3100F35001 /* NotificationConstants.swift in Sources */ = {isa = PBXBuildFile; fileRef = DDE923391E1A8A3100F35001 /* NotificationConstants.swift */; };
		DDFEB95C1E253A04004EADE9 /* AddCardDatasource.swift in Sources */ = {isa = PBXBuildFile; fileRef = DDFEB9561E253A04004EADE9 /* AddCardDatasource.swift */; };
		DDFEB95D1E253A04004EADE9 /* AddCardCell.swift in Sources */ = {isa = PBXBuildFile; fileRef = DDFEB9581E253A04004EADE9 /* AddCardCell.swift */; };
		DDFEB95F1E253A04004EADE9 /* AddCardTableView.swift in Sources */ = {isa = PBXBuildFile; fileRef = DDFEB95A1E253A04004EADE9 /* AddCardTableView.swift */; };
		DDFEB9601E253A04004EADE9 /* AddCardView.swift in Sources */ = {isa = PBXBuildFile; fileRef = DDFEB95B1E253A04004EADE9 /* AddCardView.swift */; };
		F728BD09DF3536056693B01E /* Pods_SWDestiny_Trades.framework in Frameworks */ = {isa = PBXBuildFile; fileRef = 552BDCFC5FDA256A1F6D7C76 /* Pods_SWDestiny_Trades.framework */; };
/* End PBXBuildFile section */

/* Begin PBXContainerItemProxy section */
		DD6E069B1E114E88004A5653 /* PBXContainerItemProxy */ = {
			isa = PBXContainerItemProxy;
			containerPortal = DD6E067C1E114E88004A5653 /* Project object */;
			proxyType = 1;
			remoteGlobalIDString = DD6E06831E114E88004A5653;
			remoteInfo = "SWDestiny Trades";
		};
/* End PBXContainerItemProxy section */

/* Begin PBXFileReference section */
		05BA23E165219E258E61F16F /* Pods_SWDestiny_TradesTests.framework */ = {isa = PBXFileReference; explicitFileType = wrapper.framework; includeInIndex = 0; path = Pods_SWDestiny_TradesTests.framework; sourceTree = BUILT_PRODUCTS_DIR; };
		1CBA029A8D87653D1E2BD9EE /* Pods-SWDestiny Trades.release.xcconfig */ = {isa = PBXFileReference; includeInIndex = 1; lastKnownFileType = text.xcconfig; name = "Pods-SWDestiny Trades.release.xcconfig"; path = "Pods/Target Support Files/Pods-SWDestiny Trades/Pods-SWDestiny Trades.release.xcconfig"; sourceTree = "<group>"; };
		4DB84A888BE92ACC6F1E9E4E /* Pods-SWDestiny Trades.debug.xcconfig */ = {isa = PBXFileReference; includeInIndex = 1; lastKnownFileType = text.xcconfig; name = "Pods-SWDestiny Trades.debug.xcconfig"; path = "Pods/Target Support Files/Pods-SWDestiny Trades/Pods-SWDestiny Trades.debug.xcconfig"; sourceTree = "<group>"; };
		552BDCFC5FDA256A1F6D7C76 /* Pods_SWDestiny_Trades.framework */ = {isa = PBXFileReference; explicitFileType = wrapper.framework; includeInIndex = 0; path = Pods_SWDestiny_Trades.framework; sourceTree = BUILT_PRODUCTS_DIR; };
		6923C8546BAAAC67833D4293 /* Pods-SWDestiny TradesTests.release.xcconfig */ = {isa = PBXFileReference; includeInIndex = 1; lastKnownFileType = text.xcconfig; name = "Pods-SWDestiny TradesTests.release.xcconfig"; path = "Pods/Target Support Files/Pods-SWDestiny TradesTests/Pods-SWDestiny TradesTests.release.xcconfig"; sourceTree = "<group>"; };
		8901A0001FC742571251CA26 /* Pods-SWDestiny TradesTests.debug.xcconfig */ = {isa = PBXFileReference; includeInIndex = 1; lastKnownFileType = text.xcconfig; name = "Pods-SWDestiny TradesTests.debug.xcconfig"; path = "Pods/Target Support Files/Pods-SWDestiny TradesTests/Pods-SWDestiny TradesTests.debug.xcconfig"; sourceTree = "<group>"; };
		DD0905181E244E4000D9EFB0 /* SetsTableView.swift */ = {isa = PBXFileReference; fileEncoding = 4; lastKnownFileType = sourcecode.swift; path = SetsTableView.swift; sourceTree = "<group>"; };
		DD09051A1E2450B300D9EFB0 /* SetsView.swift */ = {isa = PBXFileReference; fileEncoding = 4; lastKnownFileType = sourcecode.swift; path = SetsView.swift; sourceTree = "<group>"; };
		DD09051E1E24594E00D9EFB0 /* AddCardViewController.swift */ = {isa = PBXFileReference; fileEncoding = 4; lastKnownFileType = sourcecode.swift; path = AddCardViewController.swift; sourceTree = "<group>"; };
		DD09052A1E24701D00D9EFB0 /* CardListViewController.swift */ = {isa = PBXFileReference; fileEncoding = 4; lastKnownFileType = sourcecode.swift; path = CardListViewController.swift; sourceTree = "<group>"; };
		DD09052B1E24701D00D9EFB0 /* CardsAPIClient.swift */ = {isa = PBXFileReference; fileEncoding = 4; lastKnownFileType = sourcecode.swift; path = CardsAPIClient.swift; sourceTree = "<group>"; };
		DD09052D1E24701D00D9EFB0 /* CardListDatasource.swift */ = {isa = PBXFileReference; fileEncoding = 4; lastKnownFileType = sourcecode.swift; path = CardListDatasource.swift; sourceTree = "<group>"; };
		DD09052F1E24701D00D9EFB0 /* CardDTO.swift */ = {isa = PBXFileReference; fileEncoding = 4; lastKnownFileType = sourcecode.swift; path = CardDTO.swift; sourceTree = "<group>"; };
		DD0905311E24701D00D9EFB0 /* CardCell.swift */ = {isa = PBXFileReference; fileEncoding = 4; lastKnownFileType = sourcecode.swift; path = CardCell.swift; sourceTree = "<group>"; };
		DD0905321E24701D00D9EFB0 /* CardListTableView.swift */ = {isa = PBXFileReference; fileEncoding = 4; lastKnownFileType = sourcecode.swift; path = CardListTableView.swift; sourceTree = "<group>"; };
		DD0905331E24701D00D9EFB0 /* CardListView.swift */ = {isa = PBXFileReference; fileEncoding = 4; lastKnownFileType = sourcecode.swift; path = CardListView.swift; sourceTree = "<group>"; };
		DD0905361E24701D00D9EFB0 /* LoansDetailViewController.swift */ = {isa = PBXFileReference; fileEncoding = 4; lastKnownFileType = sourcecode.swift; path = LoansDetailViewController.swift; sourceTree = "<group>"; };
		DD0905381E24701D00D9EFB0 /* LoansDetailDatasource.swift */ = {isa = PBXFileReference; fileEncoding = 4; lastKnownFileType = sourcecode.swift; path = LoansDetailDatasource.swift; sourceTree = "<group>"; };
		DD09053A1E24701D00D9EFB0 /* LoanDetailCell.swift */ = {isa = PBXFileReference; fileEncoding = 4; lastKnownFileType = sourcecode.swift; path = LoanDetailCell.swift; sourceTree = "<group>"; };
		DD09053B1E24701D00D9EFB0 /* LoanDetailTableView.swift */ = {isa = PBXFileReference; fileEncoding = 4; lastKnownFileType = sourcecode.swift; path = LoanDetailTableView.swift; sourceTree = "<group>"; };
		DD09053C1E24701D00D9EFB0 /* LoanDetailView.swift */ = {isa = PBXFileReference; fileEncoding = 4; lastKnownFileType = sourcecode.swift; path = LoanDetailView.swift; sourceTree = "<group>"; };
		DD09053F1E24701D00D9EFB0 /* PeopleListViewController.swift */ = {isa = PBXFileReference; fileEncoding = 4; lastKnownFileType = sourcecode.swift; path = PeopleListViewController.swift; sourceTree = "<group>"; };
		DD0905411E24701D00D9EFB0 /* PeopleListDatasource.swift */ = {isa = PBXFileReference; fileEncoding = 4; lastKnownFileType = sourcecode.swift; path = PeopleListDatasource.swift; sourceTree = "<group>"; };
		DD0905431E24701D00D9EFB0 /* PersonDTO.swift */ = {isa = PBXFileReference; fileEncoding = 4; lastKnownFileType = sourcecode.swift; path = PersonDTO.swift; sourceTree = "<group>"; };
		DD0905451E24701D00D9EFB0 /* PersonCell.swift */ = {isa = PBXFileReference; fileEncoding = 4; lastKnownFileType = sourcecode.swift; path = PersonCell.swift; sourceTree = "<group>"; };
		DD0905581E2472B300D9EFB0 /* SWDTabBarViewController.swift */ = {isa = PBXFileReference; fileEncoding = 4; lastKnownFileType = sourcecode.swift; path = SWDTabBarViewController.swift; sourceTree = "<group>"; };
		DD09055B1E24759000D9EFB0 /* ApperanceProxyHelper.swift */ = {isa = PBXFileReference; fileEncoding = 4; lastKnownFileType = sourcecode.swift; path = ApperanceProxyHelper.swift; sourceTree = "<group>"; };
		DD0F80F71E23C9980088BE43 /* SetsAPIClient.swift */ = {isa = PBXFileReference; fileEncoding = 4; lastKnownFileType = sourcecode.swift; path = SetsAPIClient.swift; sourceTree = "<group>"; };
		DD0F80F81E23C9980088BE43 /* SetsListViewController.swift */ = {isa = PBXFileReference; fileEncoding = 4; lastKnownFileType = sourcecode.swift; path = SetsListViewController.swift; sourceTree = "<group>"; };
		DD0F80FA1E23C9980088BE43 /* SetsListDatasource.swift */ = {isa = PBXFileReference; fileEncoding = 4; lastKnownFileType = sourcecode.swift; path = SetsListDatasource.swift; sourceTree = "<group>"; };
		DD0F80FC1E23C9980088BE43 /* SetDTO.swift */ = {isa = PBXFileReference; fileEncoding = 4; lastKnownFileType = sourcecode.swift; path = SetDTO.swift; sourceTree = "<group>"; };
		DD0F80FE1E23C9980088BE43 /* SetsTableCell.swift */ = {isa = PBXFileReference; fileEncoding = 4; lastKnownFileType = sourcecode.swift; path = SetsTableCell.swift; sourceTree = "<group>"; };
		DD2742E31E1E742500F8DDED /* BaseViewCell.swift */ = {isa = PBXFileReference; fileEncoding = 4; lastKnownFileType = sourcecode.swift; path = BaseViewCell.swift; sourceTree = "<group>"; };
		DD61B93B1E1FBC1400F38482 /* SearchTableView.swift */ = {isa = PBXFileReference; fileEncoding = 4; lastKnownFileType = sourcecode.swift; path = SearchTableView.swift; sourceTree = "<group>"; };
		DD61B93E1E1FBCA400F38482 /* SearchDatasource.swift */ = {isa = PBXFileReference; fileEncoding = 4; lastKnownFileType = sourcecode.swift; path = SearchDatasource.swift; sourceTree = "<group>"; };
		DD61B9401E1FC59600F38482 /* SearchView.swift */ = {isa = PBXFileReference; fileEncoding = 4; lastKnownFileType = sourcecode.swift; path = SearchView.swift; sourceTree = "<group>"; };
		DD61B9421E1FCE8C00F38482 /* SearchBar.swift */ = {isa = PBXFileReference; fileEncoding = 4; lastKnownFileType = sourcecode.swift; path = SearchBar.swift; sourceTree = "<group>"; };
		DD6ADEE01E1ADB75008E04CE /* GoogleService-Info.plist */ = {isa = PBXFileReference; fileEncoding = 4; lastKnownFileType = text.plist.xml; path = "GoogleService-Info.plist"; sourceTree = "<group>"; };
		DD6E06841E114E88004A5653 /* SWDestiny Trades.app */ = {isa = PBXFileReference; explicitFileType = wrapper.application; includeInIndex = 0; path = "SWDestiny Trades.app"; sourceTree = BUILT_PRODUCTS_DIR; };
		DD6E06901E114E88004A5653 /* Assets.xcassets */ = {isa = PBXFileReference; lastKnownFileType = folder.assetcatalog; path = Assets.xcassets; sourceTree = "<group>"; };
		DD6E06931E114E88004A5653 /* Base */ = {isa = PBXFileReference; lastKnownFileType = file.storyboard; name = Base; path = Base.lproj/LaunchScreen.storyboard; sourceTree = "<group>"; };
		DD6E06951E114E88004A5653 /* Info.plist */ = {isa = PBXFileReference; lastKnownFileType = text.plist.xml; path = Info.plist; sourceTree = "<group>"; };
		DD6E069A1E114E88004A5653 /* SWDestiny TradesTests.xctest */ = {isa = PBXFileReference; explicitFileType = wrapper.cfbundle; includeInIndex = 0; path = "SWDestiny TradesTests.xctest"; sourceTree = BUILT_PRODUCTS_DIR; };
		DD6E069E1E114E88004A5653 /* SWDestiny_TradesTests.swift */ = {isa = PBXFileReference; lastKnownFileType = sourcecode.swift; path = SWDestiny_TradesTests.swift; sourceTree = "<group>"; };
		DD6E06A01E114E88004A5653 /* Info.plist */ = {isa = PBXFileReference; lastKnownFileType = text.plist.xml; path = Info.plist; sourceTree = "<group>"; };
		DD77FCEA1E13DC3F0046EFCA /* SearchListViewController.swift */ = {isa = PBXFileReference; fileEncoding = 4; lastKnownFileType = sourcecode.swift; path = SearchListViewController.swift; sourceTree = "<group>"; };
		DD77FCEC1E13DC3F0046EFCA /* CardSearchCell.swift */ = {isa = PBXFileReference; fileEncoding = 4; lastKnownFileType = sourcecode.swift; path = CardSearchCell.swift; sourceTree = "<group>"; };
		DD7FF0F51E1DCD69004FC6CF /* BaseViewConfiguration.swift */ = {isa = PBXFileReference; fileEncoding = 4; lastKnownFileType = sourcecode.swift; path = BaseViewConfiguration.swift; sourceTree = "<group>"; };
		DD7FF0F81E1DCEAB004FC6CF /* AboutView.swift */ = {isa = PBXFileReference; fileEncoding = 4; lastKnownFileType = sourcecode.swift; path = AboutView.swift; sourceTree = "<group>"; };
		DD7FF0FC1E1DE524004FC6CF /* NewPersonViewController.swift */ = {isa = PBXFileReference; fileEncoding = 4; lastKnownFileType = sourcecode.swift; path = NewPersonViewController.swift; sourceTree = "<group>"; };
		DD7FF0FF1E1DE56C004FC6CF /* NewPersonView.swift */ = {isa = PBXFileReference; fileEncoding = 4; lastKnownFileType = sourcecode.swift; path = NewPersonView.swift; sourceTree = "<group>"; };
		DD8CE7591E1C27FB00110B07 /* AboutViewController.swift */ = {isa = PBXFileReference; fileEncoding = 4; lastKnownFileType = sourcecode.swift; path = AboutViewController.swift; sourceTree = "<group>"; };
		DD8E8A9C1E11610100C54FD9 /* AppDelegate.swift */ = {isa = PBXFileReference; fileEncoding = 4; lastKnownFileType = sourcecode.swift; path = AppDelegate.swift; sourceTree = "<group>"; };
		DD9289071E11933C00FDEC48 /* BaseAPIClient.swift */ = {isa = PBXFileReference; fileEncoding = 4; lastKnownFileType = sourcecode.swift; path = BaseAPIClient.swift; sourceTree = "<group>"; };
		DDCDE3811E1DF7A600B4BE18 /* CardDetailViewController.swift */ = {isa = PBXFileReference; fileEncoding = 4; lastKnownFileType = sourcecode.swift; path = CardDetailViewController.swift; sourceTree = "<group>"; };
		DDCDE3841E1DF7BD00B4BE18 /* CardView.swift */ = {isa = PBXFileReference; fileEncoding = 4; lastKnownFileType = sourcecode.swift; path = CardView.swift; sourceTree = "<group>"; };
		DDCDE3871E1DFA2300B4BE18 /* UIImageView+Kingfisher.swift */ = {isa = PBXFileReference; fileEncoding = 4; lastKnownFileType = sourcecode.swift; path = "UIImageView+Kingfisher.swift"; sourceTree = "<group>"; };
		DDCDE3891E1DFE8C00B4BE18 /* String+Utils.swift */ = {isa = PBXFileReference; fileEncoding = 4; lastKnownFileType = sourcecode.swift; path = "String+Utils.swift"; sourceTree = "<group>"; };
		DDCEF4151E248379007EACC5 /* PeopleListTableView.swift */ = {isa = PBXFileReference; fileEncoding = 4; lastKnownFileType = sourcecode.swift; path = PeopleListTableView.swift; sourceTree = "<group>"; };
		DDCEF4171E2484D8007EACC5 /* PeopleListView.swift */ = {isa = PBXFileReference; fileEncoding = 4; lastKnownFileType = sourcecode.swift; path = PeopleListView.swift; sourceTree = "<group>"; };
		DDE923391E1A8A3100F35001 /* NotificationConstants.swift */ = {isa = PBXFileReference; fileEncoding = 4; lastKnownFileType = sourcecode.swift; path = NotificationConstants.swift; sourceTree = "<group>"; };
		DDFEB9561E253A04004EADE9 /* AddCardDatasource.swift */ = {isa = PBXFileReference; fileEncoding = 4; lastKnownFileType = sourcecode.swift; path = AddCardDatasource.swift; sourceTree = "<group>"; };
		DDFEB9581E253A04004EADE9 /* AddCardCell.swift */ = {isa = PBXFileReference; fileEncoding = 4; lastKnownFileType = sourcecode.swift; path = AddCardCell.swift; sourceTree = "<group>"; };
		DDFEB95A1E253A04004EADE9 /* AddCardTableView.swift */ = {isa = PBXFileReference; fileEncoding = 4; lastKnownFileType = sourcecode.swift; path = AddCardTableView.swift; sourceTree = "<group>"; };
		DDFEB95B1E253A04004EADE9 /* AddCardView.swift */ = {isa = PBXFileReference; fileEncoding = 4; lastKnownFileType = sourcecode.swift; path = AddCardView.swift; sourceTree = "<group>"; };
/* End PBXFileReference section */

/* Begin PBXFrameworksBuildPhase section */
		DD6E06811E114E88004A5653 /* Frameworks */ = {
			isa = PBXFrameworksBuildPhase;
			buildActionMask = 2147483647;
			files = (
				F728BD09DF3536056693B01E /* Pods_SWDestiny_Trades.framework in Frameworks */,
			);
			runOnlyForDeploymentPostprocessing = 0;
		};
		DD6E06971E114E88004A5653 /* Frameworks */ = {
			isa = PBXFrameworksBuildPhase;
			buildActionMask = 2147483647;
			files = (
				6EEB8E59A7CCF724CAD4D6C3 /* Pods_SWDestiny_TradesTests.framework in Frameworks */,
			);
			runOnlyForDeploymentPostprocessing = 0;
		};
/* End PBXFrameworksBuildPhase section */

/* Begin PBXGroup section */
		2E1C88C8670E809E04AFB282 /* Frameworks */ = {
			isa = PBXGroup;
			children = (
				552BDCFC5FDA256A1F6D7C76 /* Pods_SWDestiny_Trades.framework */,
				05BA23E165219E258E61F16F /* Pods_SWDestiny_TradesTests.framework */,
			);
			name = Frameworks;
			sourceTree = "<group>";
		};
		DD09051C1E24594E00D9EFB0 /* AddCard */ = {
			isa = PBXGroup;
			children = (
				DD09051D1E24594E00D9EFB0 /* Controller */,
				DDFEB9551E253A04004EADE9 /* Datasource */,
				DDFEB9571E253A04004EADE9 /* View */,
			);
			path = AddCard;
			sourceTree = "<group>";
		};
		DD09051D1E24594E00D9EFB0 /* Controller */ = {
			isa = PBXGroup;
			children = (
				DD09051E1E24594E00D9EFB0 /* AddCardViewController.swift */,
			);
			path = Controller;
			sourceTree = "<group>";
		};
		DD0905281E24701D00D9EFB0 /* CardList */ = {
			isa = PBXGroup;
			children = (
				DD0905291E24701D00D9EFB0 /* Controller */,
				DD09052C1E24701D00D9EFB0 /* Datasource */,
				DD09052E1E24701D00D9EFB0 /* Model */,
				DD0905301E24701D00D9EFB0 /* View */,
			);
			path = CardList;
			sourceTree = "<group>";
		};
		DD0905291E24701D00D9EFB0 /* Controller */ = {
			isa = PBXGroup;
			children = (
				DD09052A1E24701D00D9EFB0 /* CardListViewController.swift */,
				DD09052B1E24701D00D9EFB0 /* CardsAPIClient.swift */,
			);
			path = Controller;
			sourceTree = "<group>";
		};
		DD09052C1E24701D00D9EFB0 /* Datasource */ = {
			isa = PBXGroup;
			children = (
				DD09052D1E24701D00D9EFB0 /* CardListDatasource.swift */,
			);
			path = Datasource;
			sourceTree = "<group>";
		};
		DD09052E1E24701D00D9EFB0 /* Model */ = {
			isa = PBXGroup;
			children = (
				DD09052F1E24701D00D9EFB0 /* CardDTO.swift */,
			);
			path = Model;
			sourceTree = "<group>";
		};
		DD0905301E24701D00D9EFB0 /* View */ = {
			isa = PBXGroup;
			children = (
				DD0905311E24701D00D9EFB0 /* CardCell.swift */,
				DD0905321E24701D00D9EFB0 /* CardListTableView.swift */,
				DD0905331E24701D00D9EFB0 /* CardListView.swift */,
			);
			path = View;
			sourceTree = "<group>";
		};
		DD0905341E24701D00D9EFB0 /* LoanDetail */ = {
			isa = PBXGroup;
			children = (
				DD0905351E24701D00D9EFB0 /* Controller */,
				DD0905371E24701D00D9EFB0 /* Datasource */,
				DD0905391E24701D00D9EFB0 /* View */,
			);
			path = LoanDetail;
			sourceTree = "<group>";
		};
		DD0905351E24701D00D9EFB0 /* Controller */ = {
			isa = PBXGroup;
			children = (
				DD0905361E24701D00D9EFB0 /* LoansDetailViewController.swift */,
			);
			path = Controller;
			sourceTree = "<group>";
		};
		DD0905371E24701D00D9EFB0 /* Datasource */ = {
			isa = PBXGroup;
			children = (
				DD0905381E24701D00D9EFB0 /* LoansDetailDatasource.swift */,
			);
			path = Datasource;
			sourceTree = "<group>";
		};
		DD0905391E24701D00D9EFB0 /* View */ = {
			isa = PBXGroup;
			children = (
				DD09053A1E24701D00D9EFB0 /* LoanDetailCell.swift */,
				DD09053B1E24701D00D9EFB0 /* LoanDetailTableView.swift */,
				DD09053C1E24701D00D9EFB0 /* LoanDetailView.swift */,
			);
			path = View;
			sourceTree = "<group>";
		};
		DD09053D1E24701D00D9EFB0 /* PeopleList */ = {
			isa = PBXGroup;
			children = (
				DD09053E1E24701D00D9EFB0 /* Controller */,
				DD0905401E24701D00D9EFB0 /* Datasource */,
				DD0905421E24701D00D9EFB0 /* Model */,
				DD0905441E24701D00D9EFB0 /* View */,
			);
			path = PeopleList;
			sourceTree = "<group>";
		};
		DD09053E1E24701D00D9EFB0 /* Controller */ = {
			isa = PBXGroup;
			children = (
				DD09053F1E24701D00D9EFB0 /* PeopleListViewController.swift */,
			);
			path = Controller;
			sourceTree = "<group>";
		};
		DD0905401E24701D00D9EFB0 /* Datasource */ = {
			isa = PBXGroup;
			children = (
				DD0905411E24701D00D9EFB0 /* PeopleListDatasource.swift */,
			);
			path = Datasource;
			sourceTree = "<group>";
		};
		DD0905421E24701D00D9EFB0 /* Model */ = {
			isa = PBXGroup;
			children = (
				DD0905431E24701D00D9EFB0 /* PersonDTO.swift */,
			);
			path = Model;
			sourceTree = "<group>";
		};
		DD0905441E24701D00D9EFB0 /* View */ = {
			isa = PBXGroup;
			children = (
				DD0905451E24701D00D9EFB0 /* PersonCell.swift */,
				DDCEF4151E248379007EACC5 /* PeopleListTableView.swift */,
				DDCEF4171E2484D8007EACC5 /* PeopleListView.swift */,
			);
			path = View;
			sourceTree = "<group>";
		};
		DD0905561E24729800D9EFB0 /* TabBar */ = {
			isa = PBXGroup;
			children = (
				DD0905571E24729800D9EFB0 /* ViewController */,
			);
			path = TabBar;
			sourceTree = "<group>";
		};
		DD0905571E24729800D9EFB0 /* ViewController */ = {
			isa = PBXGroup;
			children = (
				DD0905581E2472B300D9EFB0 /* SWDTabBarViewController.swift */,
			);
			path = ViewController;
			sourceTree = "<group>";
		};
		DD09055A1E24757C00D9EFB0 /* Apperance */ = {
			isa = PBXGroup;
			children = (
				DD09055B1E24759000D9EFB0 /* ApperanceProxyHelper.swift */,
			);
			path = Apperance;
			sourceTree = "<group>";
		};
		DD0F80F51E23C9980088BE43 /* Sets */ = {
			isa = PBXGroup;
			children = (
				DD0F80F61E23C9980088BE43 /* Controller */,
				DD0F80F91E23C9980088BE43 /* Datasource */,
				DD0F80FB1E23C9980088BE43 /* Model */,
				DD0F80FD1E23C9980088BE43 /* View */,
			);
			path = Sets;
			sourceTree = "<group>";
		};
		DD0F80F61E23C9980088BE43 /* Controller */ = {
			isa = PBXGroup;
			children = (
				DD0F80F71E23C9980088BE43 /* SetsAPIClient.swift */,
				DD0F80F81E23C9980088BE43 /* SetsListViewController.swift */,
			);
			path = Controller;
			sourceTree = "<group>";
		};
		DD0F80F91E23C9980088BE43 /* Datasource */ = {
			isa = PBXGroup;
			children = (
				DD0F80FA1E23C9980088BE43 /* SetsListDatasource.swift */,
			);
			path = Datasource;
			sourceTree = "<group>";
		};
		DD0F80FB1E23C9980088BE43 /* Model */ = {
			isa = PBXGroup;
			children = (
				DD0F80FC1E23C9980088BE43 /* SetDTO.swift */,
			);
			path = Model;
			sourceTree = "<group>";
		};
		DD0F80FD1E23C9980088BE43 /* View */ = {
			isa = PBXGroup;
			children = (
				DD0F80FE1E23C9980088BE43 /* SetsTableCell.swift */,
				DD0905181E244E4000D9EFB0 /* SetsTableView.swift */,
				DD09051A1E2450B300D9EFB0 /* SetsView.swift */,
			);
			path = View;
			sourceTree = "<group>";
		};
		DD61B93D1E1FBC5400F38482 /* Datasource */ = {
			isa = PBXGroup;
			children = (
				DD61B93E1E1FBCA400F38482 /* SearchDatasource.swift */,
			);
			path = Datasource;
			sourceTree = "<group>";
		};
		DD6E067B1E114E88004A5653 = {
			isa = PBXGroup;
			children = (
				DD6E06861E114E88004A5653 /* SWDestiny Trades */,
				DD6E069D1E114E88004A5653 /* SWDestiny TradesTests */,
				DD6E06851E114E88004A5653 /* Products */,
				F0F79EAA73208C4792AE7D85 /* Pods */,
				2E1C88C8670E809E04AFB282 /* Frameworks */,
			);
			sourceTree = "<group>";
		};
		DD6E06851E114E88004A5653 /* Products */ = {
			isa = PBXGroup;
			children = (
				DD6E06841E114E88004A5653 /* SWDestiny Trades.app */,
				DD6E069A1E114E88004A5653 /* SWDestiny TradesTests.xctest */,
			);
			name = Products;
			sourceTree = "<group>";
		};
		DD6E06861E114E88004A5653 /* SWDestiny Trades */ = {
			isa = PBXGroup;
			children = (
				DD8E8A9A1E11610100C54FD9 /* Classes */,
				DD6ADEE01E1ADB75008E04CE /* GoogleService-Info.plist */,
				DD6E06951E114E88004A5653 /* Info.plist */,
				DD6E06901E114E88004A5653 /* Assets.xcassets */,
				DD6E06921E114E88004A5653 /* LaunchScreen.storyboard */,
			);
			path = "SWDestiny Trades";
			sourceTree = "<group>";
		};
		DD6E069D1E114E88004A5653 /* SWDestiny TradesTests */ = {
			isa = PBXGroup;
			children = (
				DD6E069E1E114E88004A5653 /* SWDestiny_TradesTests.swift */,
				DD6E06A01E114E88004A5653 /* Info.plist */,
			);
			path = "SWDestiny TradesTests";
			sourceTree = "<group>";
		};
		DD77FCE81E13DC3F0046EFCA /* Search */ = {
			isa = PBXGroup;
			children = (
				DD77FCE91E13DC3F0046EFCA /* Controller */,
				DD61B93D1E1FBC5400F38482 /* Datasource */,
				DD77FCEB1E13DC3F0046EFCA /* View */,
			);
			path = Search;
			sourceTree = "<group>";
		};
		DD77FCE91E13DC3F0046EFCA /* Controller */ = {
			isa = PBXGroup;
			children = (
				DD77FCEA1E13DC3F0046EFCA /* SearchListViewController.swift */,
			);
			path = Controller;
			sourceTree = "<group>";
		};
		DD77FCEB1E13DC3F0046EFCA /* View */ = {
			isa = PBXGroup;
			children = (
				DD77FCEC1E13DC3F0046EFCA /* CardSearchCell.swift */,
				DD61B93B1E1FBC1400F38482 /* SearchTableView.swift */,
				DD61B9401E1FC59600F38482 /* SearchView.swift */,
				DD61B9421E1FCE8C00F38482 /* SearchBar.swift */,
			);
			path = View;
			sourceTree = "<group>";
		};
		DD7FF0F41E1DCD4B004FC6CF /* Base */ = {
			isa = PBXGroup;
			children = (
				DD2742E31E1E742500F8DDED /* BaseViewCell.swift */,
				DD7FF0F51E1DCD69004FC6CF /* BaseViewConfiguration.swift */,
			);
			path = Base;
			sourceTree = "<group>";
		};
		DD7FF0F71E1DCE96004FC6CF /* View */ = {
			isa = PBXGroup;
			children = (
				DD7FF0F81E1DCEAB004FC6CF /* AboutView.swift */,
			);
			path = View;
			sourceTree = "<group>";
		};
		DD7FF0FA1E1DE524004FC6CF /* NewPerson */ = {
			isa = PBXGroup;
			children = (
				DD7FF0FB1E1DE524004FC6CF /* Controller */,
				DD7FF0FD1E1DE524004FC6CF /* View */,
			);
			path = NewPerson;
			sourceTree = "<group>";
		};
		DD7FF0FB1E1DE524004FC6CF /* Controller */ = {
			isa = PBXGroup;
			children = (
				DD7FF0FC1E1DE524004FC6CF /* NewPersonViewController.swift */,
			);
			path = Controller;
			sourceTree = "<group>";
		};
		DD7FF0FD1E1DE524004FC6CF /* View */ = {
			isa = PBXGroup;
			children = (
				DD7FF0FF1E1DE56C004FC6CF /* NewPersonView.swift */,
			);
			path = View;
			sourceTree = "<group>";
		};
		DD888C3D1E1947820093B3BF /* Utils */ = {
			isa = PBXGroup;
			children = (
				DDE923391E1A8A3100F35001 /* NotificationConstants.swift */,
			);
			path = Utils;
			sourceTree = "<group>";
		};
		DD8CE7571E1C27FB00110B07 /* About */ = {
			isa = PBXGroup;
			children = (
				DD8CE7581E1C27FB00110B07 /* Controller */,
				DD7FF0F71E1DCE96004FC6CF /* View */,
			);
			path = About;
			sourceTree = "<group>";
		};
		DD8CE7581E1C27FB00110B07 /* Controller */ = {
			isa = PBXGroup;
			children = (
				DD8CE7591E1C27FB00110B07 /* AboutViewController.swift */,
			);
			path = Controller;
			sourceTree = "<group>";
		};
		DD8E8A9A1E11610100C54FD9 /* Classes */ = {
			isa = PBXGroup;
			children = (
				DD8E8A9B1E11610100C54FD9 /* AppDelegate */,
				DD09055A1E24757C00D9EFB0 /* Apperance */,
				DD7FF0F41E1DCD4B004FC6CF /* Base */,
				DDCDE3861E1DFA2300B4BE18 /* Extensions */,
				DD9289061E11933C00FDEC48 /* Rest */,
				DDCDE38B1E1DFED100B4BE18 /* Screens */,
				DD888C3D1E1947820093B3BF /* Utils */,
			);
			path = Classes;
			sourceTree = "<group>";
		};
		DD8E8A9B1E11610100C54FD9 /* AppDelegate */ = {
			isa = PBXGroup;
			children = (
				DD8E8A9C1E11610100C54FD9 /* AppDelegate.swift */,
			);
			path = AppDelegate;
			sourceTree = "<group>";
		};
		DD9289061E11933C00FDEC48 /* Rest */ = {
			isa = PBXGroup;
			children = (
				DD9289071E11933C00FDEC48 /* BaseAPIClient.swift */,
			);
			path = Rest;
			sourceTree = "<group>";
		};
		DDCDE37F1E1DF7A600B4BE18 /* CardDetail */ = {
			isa = PBXGroup;
			children = (
				DDCDE3801E1DF7A600B4BE18 /* Controller */,
				DDCDE3821E1DF7A600B4BE18 /* View */,
			);
			path = CardDetail;
			sourceTree = "<group>";
		};
		DDCDE3801E1DF7A600B4BE18 /* Controller */ = {
			isa = PBXGroup;
			children = (
				DDCDE3811E1DF7A600B4BE18 /* CardDetailViewController.swift */,
			);
			path = Controller;
			sourceTree = "<group>";
		};
		DDCDE3821E1DF7A600B4BE18 /* View */ = {
			isa = PBXGroup;
			children = (
				DDCDE3841E1DF7BD00B4BE18 /* CardView.swift */,
			);
			path = View;
			sourceTree = "<group>";
		};
		DDCDE3861E1DFA2300B4BE18 /* Extensions */ = {
			isa = PBXGroup;
			children = (
				DDCDE3891E1DFE8C00B4BE18 /* String+Utils.swift */,
				DDCDE3871E1DFA2300B4BE18 /* UIImageView+Kingfisher.swift */,
			);
			path = Extensions;
			sourceTree = "<group>";
		};
		DDCDE38B1E1DFED100B4BE18 /* Screens */ = {
			isa = PBXGroup;
			children = (
				DD8CE7571E1C27FB00110B07 /* About */,
				DD09051C1E24594E00D9EFB0 /* AddCard */,
				DDCDE37F1E1DF7A600B4BE18 /* CardDetail */,
				DD0905281E24701D00D9EFB0 /* CardList */,
				DD0905341E24701D00D9EFB0 /* LoanDetail */,
				DD7FF0FA1E1DE524004FC6CF /* NewPerson */,
				DD09053D1E24701D00D9EFB0 /* PeopleList */,
				DD77FCE81E13DC3F0046EFCA /* Search */,
				DD0F80F51E23C9980088BE43 /* Sets */,
				DD0905561E24729800D9EFB0 /* TabBar */,
			);
			name = Screens;
			sourceTree = "<group>";
		};
		DDFEB9551E253A04004EADE9 /* Datasource */ = {
			isa = PBXGroup;
			children = (
				DDFEB9561E253A04004EADE9 /* AddCardDatasource.swift */,
			);
			path = Datasource;
			sourceTree = "<group>";
		};
		DDFEB9571E253A04004EADE9 /* View */ = {
			isa = PBXGroup;
			children = (
				DDFEB9581E253A04004EADE9 /* AddCardCell.swift */,
				DDFEB95A1E253A04004EADE9 /* AddCardTableView.swift */,
				DDFEB95B1E253A04004EADE9 /* AddCardView.swift */,
			);
			path = View;
			sourceTree = "<group>";
		};
		F0F79EAA73208C4792AE7D85 /* Pods */ = {
			isa = PBXGroup;
			children = (
				4DB84A888BE92ACC6F1E9E4E /* Pods-SWDestiny Trades.debug.xcconfig */,
				1CBA029A8D87653D1E2BD9EE /* Pods-SWDestiny Trades.release.xcconfig */,
				8901A0001FC742571251CA26 /* Pods-SWDestiny TradesTests.debug.xcconfig */,
				6923C8546BAAAC67833D4293 /* Pods-SWDestiny TradesTests.release.xcconfig */,
			);
			name = Pods;
			sourceTree = "<group>";
		};
/* End PBXGroup section */

/* Begin PBXNativeTarget section */
		DD6E06831E114E88004A5653 /* SWDestiny Trades */ = {
			isa = PBXNativeTarget;
			buildConfigurationList = DD6E06A31E114E88004A5653 /* Build configuration list for PBXNativeTarget "SWDestiny Trades" */;
			buildPhases = (
				F87B7899856A98C73A54FC39 /* [CP] Check Pods Manifest.lock */,
				DD6E06801E114E88004A5653 /* Sources */,
				DD6E06811E114E88004A5653 /* Frameworks */,
				DD6E06821E114E88004A5653 /* Resources */,
				DA16890DEF523551F598506B /* [CP] Embed Pods Frameworks */,
				3852F1E641A35C8CB3D91730 /* [CP] Copy Pods Resources */,
				DD4D3A211E1D577900719E96 /* ShellScript */,
			);
			buildRules = (
			);
			dependencies = (
			);
			name = "SWDestiny Trades";
			productName = "SWDestiny Trades";
			productReference = DD6E06841E114E88004A5653 /* SWDestiny Trades.app */;
			productType = "com.apple.product-type.application";
		};
		DD6E06991E114E88004A5653 /* SWDestiny TradesTests */ = {
			isa = PBXNativeTarget;
			buildConfigurationList = DD6E06A61E114E88004A5653 /* Build configuration list for PBXNativeTarget "SWDestiny TradesTests" */;
			buildPhases = (
				04785EC24B4319764468F3D1 /* [CP] Check Pods Manifest.lock */,
				DD6E06961E114E88004A5653 /* Sources */,
				DD6E06971E114E88004A5653 /* Frameworks */,
				DD6E06981E114E88004A5653 /* Resources */,
				CC13D69527CAD761362F2DC5 /* [CP] Embed Pods Frameworks */,
				01ADA4C156D8771868FC7E29 /* [CP] Copy Pods Resources */,
			);
			buildRules = (
			);
			dependencies = (
				DD6E069C1E114E88004A5653 /* PBXTargetDependency */,
			);
			name = "SWDestiny TradesTests";
			productName = "SWDestiny TradesTests";
			productReference = DD6E069A1E114E88004A5653 /* SWDestiny TradesTests.xctest */;
			productType = "com.apple.product-type.bundle.unit-test";
		};
/* End PBXNativeTarget section */

/* Begin PBXProject section */
		DD6E067C1E114E88004A5653 /* Project object */ = {
			isa = PBXProject;
			attributes = {
				LastSwiftUpdateCheck = 0820;
				LastUpgradeCheck = 0820;
				ORGANIZATIONNAME = "Diogo Autilio";
				TargetAttributes = {
					DD6E06831E114E88004A5653 = {
						CreatedOnToolsVersion = 8.2.1;
						DevelopmentTeam = 75C4E36ZA7;
						ProvisioningStyle = Automatic;
					};
					DD6E06991E114E88004A5653 = {
						CreatedOnToolsVersion = 8.2.1;
						DevelopmentTeam = 75C4E36ZA7;
						ProvisioningStyle = Automatic;
						TestTargetID = DD6E06831E114E88004A5653;
					};
				};
			};
			buildConfigurationList = DD6E067F1E114E88004A5653 /* Build configuration list for PBXProject "swdestiny-trades" */;
			compatibilityVersion = "Xcode 3.2";
			developmentRegion = English;
			hasScannedForEncodings = 0;
			knownRegions = (
				en,
				Base,
			);
			mainGroup = DD6E067B1E114E88004A5653;
			productRefGroup = DD6E06851E114E88004A5653 /* Products */;
			projectDirPath = "";
			projectRoot = "";
			targets = (
				DD6E06831E114E88004A5653 /* SWDestiny Trades */,
				DD6E06991E114E88004A5653 /* SWDestiny TradesTests */,
			);
		};
/* End PBXProject section */

/* Begin PBXResourcesBuildPhase section */
		DD6E06821E114E88004A5653 /* Resources */ = {
			isa = PBXResourcesBuildPhase;
			buildActionMask = 2147483647;
			files = (
				DD6E06941E114E88004A5653 /* LaunchScreen.storyboard in Resources */,
				DD6ADEE11E1ADB75008E04CE /* GoogleService-Info.plist in Resources */,
				DD6E06911E114E88004A5653 /* Assets.xcassets in Resources */,
			);
			runOnlyForDeploymentPostprocessing = 0;
		};
		DD6E06981E114E88004A5653 /* Resources */ = {
			isa = PBXResourcesBuildPhase;
			buildActionMask = 2147483647;
			files = (
			);
			runOnlyForDeploymentPostprocessing = 0;
		};
/* End PBXResourcesBuildPhase section */

/* Begin PBXShellScriptBuildPhase section */
		01ADA4C156D8771868FC7E29 /* [CP] Copy Pods Resources */ = {
			isa = PBXShellScriptBuildPhase;
			buildActionMask = 2147483647;
			files = (
			);
			inputPaths = (
			);
			name = "[CP] Copy Pods Resources";
			outputPaths = (
			);
			runOnlyForDeploymentPostprocessing = 0;
			shellPath = /bin/sh;
			shellScript = "\"${SRCROOT}/Pods/Target Support Files/Pods-SWDestiny TradesTests/Pods-SWDestiny TradesTests-resources.sh\"\n";
			showEnvVarsInLog = 0;
		};
		04785EC24B4319764468F3D1 /* [CP] Check Pods Manifest.lock */ = {
			isa = PBXShellScriptBuildPhase;
			buildActionMask = 2147483647;
			files = (
			);
			inputPaths = (
			);
			name = "[CP] Check Pods Manifest.lock";
			outputPaths = (
			);
			runOnlyForDeploymentPostprocessing = 0;
			shellPath = /bin/sh;
			shellScript = "diff \"${PODS_ROOT}/../Podfile.lock\" \"${PODS_ROOT}/Manifest.lock\" > /dev/null\nif [ $? != 0 ] ; then\n    # print error to STDERR\n    echo \"error: The sandbox is not in sync with the Podfile.lock. Run 'pod install' or update your CocoaPods installation.\" >&2\n    exit 1\nfi\n";
			showEnvVarsInLog = 0;
		};
		3852F1E641A35C8CB3D91730 /* [CP] Copy Pods Resources */ = {
			isa = PBXShellScriptBuildPhase;
			buildActionMask = 2147483647;
			files = (
			);
			inputPaths = (
			);
			name = "[CP] Copy Pods Resources";
			outputPaths = (
			);
			runOnlyForDeploymentPostprocessing = 0;
			shellPath = /bin/sh;
			shellScript = "\"${SRCROOT}/Pods/Target Support Files/Pods-SWDestiny Trades/Pods-SWDestiny Trades-resources.sh\"\n";
			showEnvVarsInLog = 0;
		};
		CC13D69527CAD761362F2DC5 /* [CP] Embed Pods Frameworks */ = {
			isa = PBXShellScriptBuildPhase;
			buildActionMask = 2147483647;
			files = (
			);
			inputPaths = (
			);
			name = "[CP] Embed Pods Frameworks";
			outputPaths = (
			);
			runOnlyForDeploymentPostprocessing = 0;
			shellPath = /bin/sh;
			shellScript = "\"${SRCROOT}/Pods/Target Support Files/Pods-SWDestiny TradesTests/Pods-SWDestiny TradesTests-frameworks.sh\"\n";
			showEnvVarsInLog = 0;
		};
		DA16890DEF523551F598506B /* [CP] Embed Pods Frameworks */ = {
			isa = PBXShellScriptBuildPhase;
			buildActionMask = 2147483647;
			files = (
			);
			inputPaths = (
			);
			name = "[CP] Embed Pods Frameworks";
			outputPaths = (
			);
			runOnlyForDeploymentPostprocessing = 0;
			shellPath = /bin/sh;
			shellScript = "\"${SRCROOT}/Pods/Target Support Files/Pods-SWDestiny Trades/Pods-SWDestiny Trades-frameworks.sh\"\n";
			showEnvVarsInLog = 0;
		};
		DD4D3A211E1D577900719E96 /* ShellScript */ = {
			isa = PBXShellScriptBuildPhase;
			buildActionMask = 2147483647;
			files = (
			);
			inputPaths = (
			);
			outputPaths = (
			);
			runOnlyForDeploymentPostprocessing = 0;
			shellPath = /bin/sh;
			shellScript = "# Replace this with the GOOGLE_APP_ID from your GoogleService-Info.plist file\nGOOGLE_APP_ID=1:264462743734:ios:55fa842f99fbef66\n\n# Replace the /Path/To/ServiceAccount.json with the path to the key you just downloaded\n\"${PODS_ROOT}\"/FirebaseCrash/upload-sym \"firebase-crashreporting.json\"\n";
		};
		F87B7899856A98C73A54FC39 /* [CP] Check Pods Manifest.lock */ = {
			isa = PBXShellScriptBuildPhase;
			buildActionMask = 2147483647;
			files = (
			);
			inputPaths = (
			);
			name = "[CP] Check Pods Manifest.lock";
			outputPaths = (
			);
			runOnlyForDeploymentPostprocessing = 0;
			shellPath = /bin/sh;
			shellScript = "diff \"${PODS_ROOT}/../Podfile.lock\" \"${PODS_ROOT}/Manifest.lock\" > /dev/null\nif [ $? != 0 ] ; then\n    # print error to STDERR\n    echo \"error: The sandbox is not in sync with the Podfile.lock. Run 'pod install' or update your CocoaPods installation.\" >&2\n    exit 1\nfi\n";
			showEnvVarsInLog = 0;
		};
/* End PBXShellScriptBuildPhase section */

/* Begin PBXSourcesBuildPhase section */
		DD6E06801E114E88004A5653 /* Sources */ = {
			isa = PBXSourcesBuildPhase;
			buildActionMask = 2147483647;
			files = (
				DDFEB95D1E253A04004EADE9 /* AddCardCell.swift in Sources */,
				DD0905191E244E4000D9EFB0 /* SetsTableView.swift in Sources */,
				DD61B9431E1FCE8C00F38482 /* SearchBar.swift in Sources */,
				DD0905501E24701D00D9EFB0 /* LoanDetailTableView.swift in Sources */,
				DD0905211E24594E00D9EFB0 /* AddCardViewController.swift in Sources */,
				DD09054B1E24701D00D9EFB0 /* CardListTableView.swift in Sources */,
				DD09054A1E24701D00D9EFB0 /* CardCell.swift in Sources */,
				DDFEB9601E253A04004EADE9 /* AddCardView.swift in Sources */,
				DDCDE38A1E1DFE8C00B4BE18 /* String+Utils.swift in Sources */,
				DD7FF0FE1E1DE524004FC6CF /* NewPersonViewController.swift in Sources */,
				DD61B93F1E1FBCA400F38482 /* SearchDatasource.swift in Sources */,
				DD0F81031E23C9980088BE43 /* SetsTableCell.swift in Sources */,
				DD7FF0F91E1DCEAB004FC6CF /* AboutView.swift in Sources */,
				DD0905551E24701D00D9EFB0 /* PersonCell.swift in Sources */,
				DD0905481E24701D00D9EFB0 /* CardListDatasource.swift in Sources */,
				DD0905591E2472B300D9EFB0 /* SWDTabBarViewController.swift in Sources */,
				DDCEF4161E248379007EACC5 /* PeopleListTableView.swift in Sources */,
				DD0905471E24701D00D9EFB0 /* CardsAPIClient.swift in Sources */,
				DD2742E41E1E742500F8DDED /* BaseViewCell.swift in Sources */,
				DD0F80FF1E23C9980088BE43 /* SetsAPIClient.swift in Sources */,
				DDCDE3881E1DFA2300B4BE18 /* UIImageView+Kingfisher.swift in Sources */,
				DDCDE3851E1DF7BD00B4BE18 /* CardView.swift in Sources */,
				DD7FF0F61E1DCD69004FC6CF /* BaseViewConfiguration.swift in Sources */,
				DD0905511E24701D00D9EFB0 /* LoanDetailView.swift in Sources */,
				DD09054E1E24701D00D9EFB0 /* LoansDetailDatasource.swift in Sources */,
				DD77FCED1E13DC3F0046EFCA /* SearchListViewController.swift in Sources */,
				DD8CE75A1E1C27FB00110B07 /* AboutViewController.swift in Sources */,
				DD77FCEE1E13DC3F0046EFCA /* CardSearchCell.swift in Sources */,
				DD9289081E11933C00FDEC48 /* BaseAPIClient.swift in Sources */,
				DD8E8AA61E11610100C54FD9 /* AppDelegate.swift in Sources */,
				DD0905521E24701D00D9EFB0 /* PeopleListViewController.swift in Sources */,
				DDE9233A1E1A8A3100F35001 /* NotificationConstants.swift in Sources */,
				DDCEF4181E2484D8007EACC5 /* PeopleListView.swift in Sources */,
				DD0F81011E23C9980088BE43 /* SetsListDatasource.swift in Sources */,
				DD09054F1E24701D00D9EFB0 /* LoanDetailCell.swift in Sources */,
				DD09055C1E24759000D9EFB0 /* ApperanceProxyHelper.swift in Sources */,
				DDFEB95C1E253A04004EADE9 /* AddCardDatasource.swift in Sources */,
				DD0905461E24701D00D9EFB0 /* CardListViewController.swift in Sources */,
				DD7FF1001E1DE56C004FC6CF /* NewPersonView.swift in Sources */,
				DD61B9411E1FC59600F38482 /* SearchView.swift in Sources */,
				DD0905491E24701D00D9EFB0 /* CardDTO.swift in Sources */,
				DD09054D1E24701D00D9EFB0 /* LoansDetailViewController.swift in Sources */,
				DD09054C1E24701D00D9EFB0 /* CardListView.swift in Sources */,
				DD0905531E24701D00D9EFB0 /* PeopleListDatasource.swift in Sources */,
				DDFEB95F1E253A04004EADE9 /* AddCardTableView.swift in Sources */,
				DD0F81021E23C9980088BE43 /* SetDTO.swift in Sources */,
				DD09051B1E2450B300D9EFB0 /* SetsView.swift in Sources */,
				DD0905541E24701D00D9EFB0 /* PersonDTO.swift in Sources */,
				DD61B93C1E1FBC1400F38482 /* SearchTableView.swift in Sources */,
				DDCDE3831E1DF7A600B4BE18 /* CardDetailViewController.swift in Sources */,
				DD0F81001E23C9980088BE43 /* SetsListViewController.swift in Sources */,
			);
			runOnlyForDeploymentPostprocessing = 0;
		};
		DD6E06961E114E88004A5653 /* Sources */ = {
			isa = PBXSourcesBuildPhase;
			buildActionMask = 2147483647;
			files = (
				DD6E069F1E114E88004A5653 /* SWDestiny_TradesTests.swift in Sources */,
			);
			runOnlyForDeploymentPostprocessing = 0;
		};
/* End PBXSourcesBuildPhase section */

/* Begin PBXTargetDependency section */
		DD6E069C1E114E88004A5653 /* PBXTargetDependency */ = {
			isa = PBXTargetDependency;
			target = DD6E06831E114E88004A5653 /* SWDestiny Trades */;
			targetProxy = DD6E069B1E114E88004A5653 /* PBXContainerItemProxy */;
		};
/* End PBXTargetDependency section */

/* Begin PBXVariantGroup section */
		DD6E06921E114E88004A5653 /* LaunchScreen.storyboard */ = {
			isa = PBXVariantGroup;
			children = (
				DD6E06931E114E88004A5653 /* Base */,
			);
			name = LaunchScreen.storyboard;
			sourceTree = "<group>";
		};
/* End PBXVariantGroup section */

/* Begin XCBuildConfiguration section */
		DD6E06A11E114E88004A5653 /* Debug */ = {
			isa = XCBuildConfiguration;
			buildSettings = {
				ALWAYS_SEARCH_USER_PATHS = NO;
				CLANG_ANALYZER_NONNULL = YES;
				CLANG_CXX_LANGUAGE_STANDARD = "gnu++0x";
				CLANG_CXX_LIBRARY = "libc++";
				CLANG_ENABLE_MODULES = YES;
				CLANG_ENABLE_OBJC_ARC = YES;
				CLANG_WARN_BOOL_CONVERSION = YES;
				CLANG_WARN_CONSTANT_CONVERSION = YES;
				CLANG_WARN_DIRECT_OBJC_ISA_USAGE = YES_ERROR;
				CLANG_WARN_DOCUMENTATION_COMMENTS = YES;
				CLANG_WARN_EMPTY_BODY = YES;
				CLANG_WARN_ENUM_CONVERSION = YES;
				CLANG_WARN_INFINITE_RECURSION = YES;
				CLANG_WARN_INT_CONVERSION = YES;
				CLANG_WARN_OBJC_ROOT_CLASS = YES_ERROR;
				CLANG_WARN_SUSPICIOUS_MOVE = YES;
				CLANG_WARN_UNREACHABLE_CODE = YES;
				CLANG_WARN__DUPLICATE_METHOD_MATCH = YES;
				"CODE_SIGN_IDENTITY[sdk=iphoneos*]" = "iPhone Developer";
				COPY_PHASE_STRIP = NO;
				DEBUG_INFORMATION_FORMAT = dwarf;
				ENABLE_STRICT_OBJC_MSGSEND = YES;
				ENABLE_TESTABILITY = YES;
				GCC_C_LANGUAGE_STANDARD = gnu99;
				GCC_DYNAMIC_NO_PIC = NO;
				GCC_NO_COMMON_BLOCKS = YES;
				GCC_OPTIMIZATION_LEVEL = 0;
				GCC_PREPROCESSOR_DEFINITIONS = (
					"DEBUG=1",
					"$(inherited)",
				);
				GCC_WARN_64_TO_32_BIT_CONVERSION = YES;
				GCC_WARN_ABOUT_RETURN_TYPE = YES_ERROR;
				GCC_WARN_UNDECLARED_SELECTOR = YES;
				GCC_WARN_UNINITIALIZED_AUTOS = YES_AGGRESSIVE;
				GCC_WARN_UNUSED_FUNCTION = YES;
				GCC_WARN_UNUSED_VARIABLE = YES;
				IPHONEOS_DEPLOYMENT_TARGET = 8.0;
				MTL_ENABLE_DEBUG_INFO = YES;
				ONLY_ACTIVE_ARCH = YES;
				SDKROOT = iphoneos;
				SWIFT_ACTIVE_COMPILATION_CONDITIONS = DEBUG;
				SWIFT_OPTIMIZATION_LEVEL = "-Onone";
				TARGETED_DEVICE_FAMILY = "1,2";
			};
			name = Debug;
		};
		DD6E06A21E114E88004A5653 /* Release */ = {
			isa = XCBuildConfiguration;
			buildSettings = {
				ALWAYS_SEARCH_USER_PATHS = NO;
				CLANG_ANALYZER_NONNULL = YES;
				CLANG_CXX_LANGUAGE_STANDARD = "gnu++0x";
				CLANG_CXX_LIBRARY = "libc++";
				CLANG_ENABLE_MODULES = YES;
				CLANG_ENABLE_OBJC_ARC = YES;
				CLANG_WARN_BOOL_CONVERSION = YES;
				CLANG_WARN_CONSTANT_CONVERSION = YES;
				CLANG_WARN_DIRECT_OBJC_ISA_USAGE = YES_ERROR;
				CLANG_WARN_DOCUMENTATION_COMMENTS = YES;
				CLANG_WARN_EMPTY_BODY = YES;
				CLANG_WARN_ENUM_CONVERSION = YES;
				CLANG_WARN_INFINITE_RECURSION = YES;
				CLANG_WARN_INT_CONVERSION = YES;
				CLANG_WARN_OBJC_ROOT_CLASS = YES_ERROR;
				CLANG_WARN_SUSPICIOUS_MOVE = YES;
				CLANG_WARN_UNREACHABLE_CODE = YES;
				CLANG_WARN__DUPLICATE_METHOD_MATCH = YES;
				"CODE_SIGN_IDENTITY[sdk=iphoneos*]" = "iPhone Developer";
				COPY_PHASE_STRIP = NO;
				DEBUG_INFORMATION_FORMAT = "dwarf-with-dsym";
				ENABLE_NS_ASSERTIONS = NO;
				ENABLE_STRICT_OBJC_MSGSEND = YES;
				GCC_C_LANGUAGE_STANDARD = gnu99;
				GCC_NO_COMMON_BLOCKS = YES;
				GCC_WARN_64_TO_32_BIT_CONVERSION = YES;
				GCC_WARN_ABOUT_RETURN_TYPE = YES_ERROR;
				GCC_WARN_UNDECLARED_SELECTOR = YES;
				GCC_WARN_UNINITIALIZED_AUTOS = YES_AGGRESSIVE;
				GCC_WARN_UNUSED_FUNCTION = YES;
				GCC_WARN_UNUSED_VARIABLE = YES;
				IPHONEOS_DEPLOYMENT_TARGET = 8.0;
				MTL_ENABLE_DEBUG_INFO = NO;
				SDKROOT = iphoneos;
				SWIFT_OPTIMIZATION_LEVEL = "-Owholemodule";
				TARGETED_DEVICE_FAMILY = "1,2";
				VALIDATE_PRODUCT = YES;
			};
			name = Release;
		};
		DD6E06A41E114E88004A5653 /* Debug */ = {
			isa = XCBuildConfiguration;
			baseConfigurationReference = 4DB84A888BE92ACC6F1E9E4E /* Pods-SWDestiny Trades.debug.xcconfig */;
			buildSettings = {
				ASSETCATALOG_COMPILER_APPICON_NAME = AppIcon;
				DEVELOPMENT_TEAM = 75C4E36ZA7;
				INFOPLIST_FILE = "SWDestiny Trades/Info.plist";
				LD_RUNPATH_SEARCH_PATHS = "$(inherited) @executable_path/Frameworks";
				PRODUCT_BUNDLE_IDENTIFIER = "br.com.anykey.SWDestiny-Trades";
				PRODUCT_NAME = "$(TARGET_NAME)";
				SWIFT_VERSION = 3.0;
			};
			name = Debug;
		};
		DD6E06A51E114E88004A5653 /* Release */ = {
			isa = XCBuildConfiguration;
			baseConfigurationReference = 1CBA029A8D87653D1E2BD9EE /* Pods-SWDestiny Trades.release.xcconfig */;
			buildSettings = {
				ASSETCATALOG_COMPILER_APPICON_NAME = AppIcon;
				DEVELOPMENT_TEAM = 75C4E36ZA7;
				INFOPLIST_FILE = "SWDestiny Trades/Info.plist";
				LD_RUNPATH_SEARCH_PATHS = "$(inherited) @executable_path/Frameworks";
				PRODUCT_BUNDLE_IDENTIFIER = "br.com.anykey.SWDestiny-Trades";
				PRODUCT_NAME = "$(TARGET_NAME)";
				SWIFT_VERSION = 3.0;
			};
			name = Release;
		};
		DD6E06A71E114E88004A5653 /* Debug */ = {
			isa = XCBuildConfiguration;
			baseConfigurationReference = 8901A0001FC742571251CA26 /* Pods-SWDestiny TradesTests.debug.xcconfig */;
			buildSettings = {
				ALWAYS_EMBED_SWIFT_STANDARD_LIBRARIES = YES;
				BUNDLE_LOADER = "$(TEST_HOST)";
				DEVELOPMENT_TEAM = 75C4E36ZA7;
				INFOPLIST_FILE = "SWDestiny TradesTests/Info.plist";
				LD_RUNPATH_SEARCH_PATHS = "$(inherited) @executable_path/Frameworks @loader_path/Frameworks";
				PRODUCT_BUNDLE_IDENTIFIER = "br.com.anykey.SWDestiny-TradesTests";
				PRODUCT_NAME = "$(TARGET_NAME)";
				SWIFT_VERSION = 3.0;
				TEST_HOST = "$(BUILT_PRODUCTS_DIR)/SWDestiny Trades.app/SWDestiny Trades";
			};
			name = Debug;
		};
		DD6E06A81E114E88004A5653 /* Release */ = {
			isa = XCBuildConfiguration;
			baseConfigurationReference = 6923C8546BAAAC67833D4293 /* Pods-SWDestiny TradesTests.release.xcconfig */;
			buildSettings = {
				ALWAYS_EMBED_SWIFT_STANDARD_LIBRARIES = YES;
				BUNDLE_LOADER = "$(TEST_HOST)";
				DEVELOPMENT_TEAM = 75C4E36ZA7;
				INFOPLIST_FILE = "SWDestiny TradesTests/Info.plist";
				LD_RUNPATH_SEARCH_PATHS = "$(inherited) @executable_path/Frameworks @loader_path/Frameworks";
				PRODUCT_BUNDLE_IDENTIFIER = "br.com.anykey.SWDestiny-TradesTests";
				PRODUCT_NAME = "$(TARGET_NAME)";
				SWIFT_VERSION = 3.0;
				TEST_HOST = "$(BUILT_PRODUCTS_DIR)/SWDestiny Trades.app/SWDestiny Trades";
			};
			name = Release;
		};
/* End XCBuildConfiguration section */

/* Begin XCConfigurationList section */
		DD6E067F1E114E88004A5653 /* Build configuration list for PBXProject "swdestiny-trades" */ = {
			isa = XCConfigurationList;
			buildConfigurations = (
				DD6E06A11E114E88004A5653 /* Debug */,
				DD6E06A21E114E88004A5653 /* Release */,
			);
			defaultConfigurationIsVisible = 0;
			defaultConfigurationName = Release;
		};
		DD6E06A31E114E88004A5653 /* Build configuration list for PBXNativeTarget "SWDestiny Trades" */ = {
			isa = XCConfigurationList;
			buildConfigurations = (
				DD6E06A41E114E88004A5653 /* Debug */,
				DD6E06A51E114E88004A5653 /* Release */,
			);
			defaultConfigurationIsVisible = 0;
			defaultConfigurationName = Release;
		};
		DD6E06A61E114E88004A5653 /* Build configuration list for PBXNativeTarget "SWDestiny TradesTests" */ = {
			isa = XCConfigurationList;
			buildConfigurations = (
				DD6E06A71E114E88004A5653 /* Debug */,
				DD6E06A81E114E88004A5653 /* Release */,
			);
			defaultConfigurationIsVisible = 0;
			defaultConfigurationName = Release;
		};
/* End XCConfigurationList section */
	};
	rootObject = DD6E067C1E114E88004A5653 /* Project object */;
}
