// !$*UTF8*$!
{
	archiveVersion = 1;
	classes = {
	};
	objectVersion = 46;
	objects = {

/* Begin PBXBuildFile section */
		6EEB8E59A7CCF724CAD4D6C3 /* Pods_SWDestiny_TradesTests.framework in Frameworks */ = {isa = PBXBuildFile; fileRef = 05BA23E165219E258E61F16F /* Pods_SWDestiny_TradesTests.framework */; };
		DD1770C71E119406000D5D63 /* SetDTO.swift in Sources */ = {isa = PBXBuildFile; fileRef = DD1770C61E119406000D5D63 /* SetDTO.swift */; };
		DD1770C91E11953B000D5D63 /* SetsAPIClient.swift in Sources */ = {isa = PBXBuildFile; fileRef = DD1770C81E11953B000D5D63 /* SetsAPIClient.swift */; };
		DD1770CC1E11B142000D5D63 /* CardDTO.swift in Sources */ = {isa = PBXBuildFile; fileRef = DD1770CB1E11B142000D5D63 /* CardDTO.swift */; };
		DD1770CE1E11B51B000D5D63 /* CardsAPIClient.swift in Sources */ = {isa = PBXBuildFile; fileRef = DD1770CD1E11B51B000D5D63 /* CardsAPIClient.swift */; };
		DD1770D81E12AF5A000D5D63 /* CardDetailViewController.swift in Sources */ = {isa = PBXBuildFile; fileRef = DD1770D71E12AF5A000D5D63 /* CardDetailViewController.swift */; };
		DD36C4151E1A185C00177B64 /* PeopleListViewController.swift in Sources */ = {isa = PBXBuildFile; fileRef = DD36C40D1E1A185C00177B64 /* PeopleListViewController.swift */; };
		DD36C4161E1A185C00177B64 /* NewPersonViewController.swift in Sources */ = {isa = PBXBuildFile; fileRef = DD36C40E1E1A185C00177B64 /* NewPersonViewController.swift */; };
		DD36C4171E1A185C00177B64 /* PeopleListDatasource.swift in Sources */ = {isa = PBXBuildFile; fileRef = DD36C4101E1A185C00177B64 /* PeopleListDatasource.swift */; };
		DD36C4181E1A185C00177B64 /* PersonDTO.swift in Sources */ = {isa = PBXBuildFile; fileRef = DD36C4121E1A185C00177B64 /* PersonDTO.swift */; };
		DD36C4191E1A185C00177B64 /* LoanCell.swift in Sources */ = {isa = PBXBuildFile; fileRef = DD36C4141E1A185C00177B64 /* LoanCell.swift */; };
		DD36C41B1E1A1CCB00177B64 /* AddCardViewController.swift in Sources */ = {isa = PBXBuildFile; fileRef = DD36C41A1E1A1CCB00177B64 /* AddCardViewController.swift */; };
		DD6ADEE11E1ADB75008E04CE /* GoogleService-Info.plist in Resources */ = {isa = PBXBuildFile; fileRef = DD6ADEE01E1ADB75008E04CE /* GoogleService-Info.plist */; };
		DD6E068F1E114E88004A5653 /* Main.storyboard in Resources */ = {isa = PBXBuildFile; fileRef = DD6E068D1E114E88004A5653 /* Main.storyboard */; };
		DD6E06911E114E88004A5653 /* Assets.xcassets in Resources */ = {isa = PBXBuildFile; fileRef = DD6E06901E114E88004A5653 /* Assets.xcassets */; };
		DD6E06941E114E88004A5653 /* LaunchScreen.storyboard in Resources */ = {isa = PBXBuildFile; fileRef = DD6E06921E114E88004A5653 /* LaunchScreen.storyboard */; };
		DD6E069F1E114E88004A5653 /* SWDestiny_TradesTests.swift in Sources */ = {isa = PBXBuildFile; fileRef = DD6E069E1E114E88004A5653 /* SWDestiny_TradesTests.swift */; };
		DD77FCED1E13DC3F0046EFCA /* SearchListViewController.swift in Sources */ = {isa = PBXBuildFile; fileRef = DD77FCEA1E13DC3F0046EFCA /* SearchListViewController.swift */; };
		DD77FCEE1E13DC3F0046EFCA /* CardSearchCell.swift in Sources */ = {isa = PBXBuildFile; fileRef = DD77FCEC1E13DC3F0046EFCA /* CardSearchCell.swift */; };
		DD77FCF11E140ED10046EFCA /* SetsListDatasource.swift in Sources */ = {isa = PBXBuildFile; fileRef = DD77FCF01E140ED10046EFCA /* SetsListDatasource.swift */; };
		DD77FCF41E14237F0046EFCA /* CardListDatasource.swift in Sources */ = {isa = PBXBuildFile; fileRef = DD77FCF31E14237F0046EFCA /* CardListDatasource.swift */; };
		DD888C3F1E1947820093B3BF /* String.swift in Sources */ = {isa = PBXBuildFile; fileRef = DD888C3E1E1947820093B3BF /* String.swift */; };
		DD8CE75A1E1C27FB00110B07 /* AboutViewController.swift in Sources */ = {isa = PBXBuildFile; fileRef = DD8CE7591E1C27FB00110B07 /* AboutViewController.swift */; };
		DD8E8AA61E11610100C54FD9 /* AppDelegate.swift in Sources */ = {isa = PBXBuildFile; fileRef = DD8E8A9C1E11610100C54FD9 /* AppDelegate.swift */; };
		DD9289081E11933C00FDEC48 /* BaseAPIClient.swift in Sources */ = {isa = PBXBuildFile; fileRef = DD9289071E11933C00FDEC48 /* BaseAPIClient.swift */; };
		DDAA62C21E117D7C00A03C35 /* SetsListViewController.swift in Sources */ = {isa = PBXBuildFile; fileRef = DDAA62BF1E117D7C00A03C35 /* SetsListViewController.swift */; };
		DDAA62C31E117D7C00A03C35 /* SetsTableCell.swift in Sources */ = {isa = PBXBuildFile; fileRef = DDAA62C11E117D7C00A03C35 /* SetsTableCell.swift */; };
		DDAA62C81E117DA700A03C35 /* CardListViewController.swift in Sources */ = {isa = PBXBuildFile; fileRef = DDAA62C51E117DA700A03C35 /* CardListViewController.swift */; };
		DDAA62C91E117DA700A03C35 /* CardCell.swift in Sources */ = {isa = PBXBuildFile; fileRef = DDAA62C71E117DA700A03C35 /* CardCell.swift */; };
		DDDB56881E158BFD00B9DCE6 /* LoansDetailViewController.swift in Sources */ = {isa = PBXBuildFile; fileRef = DDDB56871E158BFC00B9DCE6 /* LoansDetailViewController.swift */; };
		DDDB568A1E158F9800B9DCE6 /* LoansDetailDatasource.swift in Sources */ = {isa = PBXBuildFile; fileRef = DDDB56891E158F9800B9DCE6 /* LoansDetailDatasource.swift */; };
		DDDB568C1E159F8F00B9DCE6 /* LoanDetailCell.swift in Sources */ = {isa = PBXBuildFile; fileRef = DDDB568B1E159F8F00B9DCE6 /* LoanDetailCell.swift */; };
		DDE9233A1E1A8A3100F35001 /* NotificationConstants.swift in Sources */ = {isa = PBXBuildFile; fileRef = DDE923391E1A8A3100F35001 /* NotificationConstants.swift */; };
		F728BD09DF3536056693B01E /* Pods_SWDestiny_Trades.framework in Frameworks */ = {isa = PBXBuildFile; fileRef = 552BDCFC5FDA256A1F6D7C76 /* Pods_SWDestiny_Trades.framework */; };
/* End PBXBuildFile section */

/* Begin PBXContainerItemProxy section */
		DD6E069B1E114E88004A5653 /* PBXContainerItemProxy */ = {
			isa = PBXContainerItemProxy;
			containerPortal = DD6E067C1E114E88004A5653 /* Project object */;
			proxyType = 1;
			remoteGlobalIDString = DD6E06831E114E88004A5653;
			remoteInfo = "SWDestiny Trades";
		};
/* End PBXContainerItemProxy section */

/* Begin PBXFileReference section */
		05BA23E165219E258E61F16F /* Pods_SWDestiny_TradesTests.framework */ = {isa = PBXFileReference; explicitFileType = wrapper.framework; includeInIndex = 0; path = Pods_SWDestiny_TradesTests.framework; sourceTree = BUILT_PRODUCTS_DIR; };
		1CBA029A8D87653D1E2BD9EE /* Pods-SWDestiny Trades.release.xcconfig */ = {isa = PBXFileReference; includeInIndex = 1; lastKnownFileType = text.xcconfig; name = "Pods-SWDestiny Trades.release.xcconfig"; path = "Pods/Target Support Files/Pods-SWDestiny Trades/Pods-SWDestiny Trades.release.xcconfig"; sourceTree = "<group>"; };
		4DB84A888BE92ACC6F1E9E4E /* Pods-SWDestiny Trades.debug.xcconfig */ = {isa = PBXFileReference; includeInIndex = 1; lastKnownFileType = text.xcconfig; name = "Pods-SWDestiny Trades.debug.xcconfig"; path = "Pods/Target Support Files/Pods-SWDestiny Trades/Pods-SWDestiny Trades.debug.xcconfig"; sourceTree = "<group>"; };
		552BDCFC5FDA256A1F6D7C76 /* Pods_SWDestiny_Trades.framework */ = {isa = PBXFileReference; explicitFileType = wrapper.framework; includeInIndex = 0; path = Pods_SWDestiny_Trades.framework; sourceTree = BUILT_PRODUCTS_DIR; };
		6923C8546BAAAC67833D4293 /* Pods-SWDestiny TradesTests.release.xcconfig */ = {isa = PBXFileReference; includeInIndex = 1; lastKnownFileType = text.xcconfig; name = "Pods-SWDestiny TradesTests.release.xcconfig"; path = "Pods/Target Support Files/Pods-SWDestiny TradesTests/Pods-SWDestiny TradesTests.release.xcconfig"; sourceTree = "<group>"; };
		8901A0001FC742571251CA26 /* Pods-SWDestiny TradesTests.debug.xcconfig */ = {isa = PBXFileReference; includeInIndex = 1; lastKnownFileType = text.xcconfig; name = "Pods-SWDestiny TradesTests.debug.xcconfig"; path = "Pods/Target Support Files/Pods-SWDestiny TradesTests/Pods-SWDestiny TradesTests.debug.xcconfig"; sourceTree = "<group>"; };
		DD1770C61E119406000D5D63 /* SetDTO.swift */ = {isa = PBXFileReference; fileEncoding = 4; lastKnownFileType = sourcecode.swift; path = SetDTO.swift; sourceTree = "<group>"; };
		DD1770C81E11953B000D5D63 /* SetsAPIClient.swift */ = {isa = PBXFileReference; fileEncoding = 4; lastKnownFileType = sourcecode.swift; path = SetsAPIClient.swift; sourceTree = "<group>"; };
		DD1770CB1E11B142000D5D63 /* CardDTO.swift */ = {isa = PBXFileReference; fileEncoding = 4; lastKnownFileType = sourcecode.swift; path = CardDTO.swift; sourceTree = "<group>"; };
		DD1770CD1E11B51B000D5D63 /* CardsAPIClient.swift */ = {isa = PBXFileReference; fileEncoding = 4; lastKnownFileType = sourcecode.swift; path = CardsAPIClient.swift; sourceTree = "<group>"; };
		DD1770D71E12AF5A000D5D63 /* CardDetailViewController.swift */ = {isa = PBXFileReference; fileEncoding = 4; lastKnownFileType = sourcecode.swift; path = CardDetailViewController.swift; sourceTree = "<group>"; };
		DD36C40D1E1A185C00177B64 /* PeopleListViewController.swift */ = {isa = PBXFileReference; fileEncoding = 4; lastKnownFileType = sourcecode.swift; path = PeopleListViewController.swift; sourceTree = "<group>"; };
		DD36C40E1E1A185C00177B64 /* NewPersonViewController.swift */ = {isa = PBXFileReference; fileEncoding = 4; lastKnownFileType = sourcecode.swift; path = NewPersonViewController.swift; sourceTree = "<group>"; };
		DD36C4101E1A185C00177B64 /* PeopleListDatasource.swift */ = {isa = PBXFileReference; fileEncoding = 4; lastKnownFileType = sourcecode.swift; path = PeopleListDatasource.swift; sourceTree = "<group>"; };
		DD36C4121E1A185C00177B64 /* PersonDTO.swift */ = {isa = PBXFileReference; fileEncoding = 4; lastKnownFileType = sourcecode.swift; path = PersonDTO.swift; sourceTree = "<group>"; };
		DD36C4141E1A185C00177B64 /* LoanCell.swift */ = {isa = PBXFileReference; fileEncoding = 4; lastKnownFileType = sourcecode.swift; path = LoanCell.swift; sourceTree = "<group>"; };
		DD36C41A1E1A1CCB00177B64 /* AddCardViewController.swift */ = {isa = PBXFileReference; fileEncoding = 4; lastKnownFileType = sourcecode.swift; path = AddCardViewController.swift; sourceTree = "<group>"; };
		DD6ADEE01E1ADB75008E04CE /* GoogleService-Info.plist */ = {isa = PBXFileReference; fileEncoding = 4; lastKnownFileType = text.plist.xml; path = "GoogleService-Info.plist"; sourceTree = "<group>"; };
		DD6E06841E114E88004A5653 /* SWDestiny Trades.app */ = {isa = PBXFileReference; explicitFileType = wrapper.application; includeInIndex = 0; path = "SWDestiny Trades.app"; sourceTree = BUILT_PRODUCTS_DIR; };
		DD6E068E1E114E88004A5653 /* Base */ = {isa = PBXFileReference; lastKnownFileType = file.storyboard; name = Base; path = Base.lproj/Main.storyboard; sourceTree = "<group>"; };
		DD6E06901E114E88004A5653 /* Assets.xcassets */ = {isa = PBXFileReference; lastKnownFileType = folder.assetcatalog; path = Assets.xcassets; sourceTree = "<group>"; };
		DD6E06931E114E88004A5653 /* Base */ = {isa = PBXFileReference; lastKnownFileType = file.storyboard; name = Base; path = Base.lproj/LaunchScreen.storyboard; sourceTree = "<group>"; };
		DD6E06951E114E88004A5653 /* Info.plist */ = {isa = PBXFileReference; lastKnownFileType = text.plist.xml; path = Info.plist; sourceTree = "<group>"; };
		DD6E069A1E114E88004A5653 /* SWDestiny TradesTests.xctest */ = {isa = PBXFileReference; explicitFileType = wrapper.cfbundle; includeInIndex = 0; path = "SWDestiny TradesTests.xctest"; sourceTree = BUILT_PRODUCTS_DIR; };
		DD6E069E1E114E88004A5653 /* SWDestiny_TradesTests.swift */ = {isa = PBXFileReference; lastKnownFileType = sourcecode.swift; path = SWDestiny_TradesTests.swift; sourceTree = "<group>"; };
		DD6E06A01E114E88004A5653 /* Info.plist */ = {isa = PBXFileReference; lastKnownFileType = text.plist.xml; path = Info.plist; sourceTree = "<group>"; };
		DD77FCEA1E13DC3F0046EFCA /* SearchListViewController.swift */ = {isa = PBXFileReference; fileEncoding = 4; lastKnownFileType = sourcecode.swift; path = SearchListViewController.swift; sourceTree = "<group>"; };
		DD77FCEC1E13DC3F0046EFCA /* CardSearchCell.swift */ = {isa = PBXFileReference; fileEncoding = 4; lastKnownFileType = sourcecode.swift; path = CardSearchCell.swift; sourceTree = "<group>"; };
		DD77FCF01E140ED10046EFCA /* SetsListDatasource.swift */ = {isa = PBXFileReference; fileEncoding = 4; lastKnownFileType = sourcecode.swift; path = SetsListDatasource.swift; sourceTree = "<group>"; };
		DD77FCF31E14237F0046EFCA /* CardListDatasource.swift */ = {isa = PBXFileReference; fileEncoding = 4; lastKnownFileType = sourcecode.swift; path = CardListDatasource.swift; sourceTree = "<group>"; };
		DD888C3E1E1947820093B3BF /* String.swift */ = {isa = PBXFileReference; fileEncoding = 4; lastKnownFileType = sourcecode.swift; path = String.swift; sourceTree = "<group>"; };
		DD8CE7591E1C27FB00110B07 /* AboutViewController.swift */ = {isa = PBXFileReference; fileEncoding = 4; lastKnownFileType = sourcecode.swift; path = AboutViewController.swift; sourceTree = "<group>"; };
		DD8E8A9C1E11610100C54FD9 /* AppDelegate.swift */ = {isa = PBXFileReference; fileEncoding = 4; lastKnownFileType = sourcecode.swift; path = AppDelegate.swift; sourceTree = "<group>"; };
		DD9289071E11933C00FDEC48 /* BaseAPIClient.swift */ = {isa = PBXFileReference; fileEncoding = 4; lastKnownFileType = sourcecode.swift; path = BaseAPIClient.swift; sourceTree = "<group>"; };
		DDAA62BF1E117D7C00A03C35 /* SetsListViewController.swift */ = {isa = PBXFileReference; fileEncoding = 4; lastKnownFileType = sourcecode.swift; path = SetsListViewController.swift; sourceTree = "<group>"; };
		DDAA62C11E117D7C00A03C35 /* SetsTableCell.swift */ = {isa = PBXFileReference; fileEncoding = 4; lastKnownFileType = sourcecode.swift; path = SetsTableCell.swift; sourceTree = "<group>"; };
		DDAA62C51E117DA700A03C35 /* CardListViewController.swift */ = {isa = PBXFileReference; fileEncoding = 4; lastKnownFileType = sourcecode.swift; path = CardListViewController.swift; sourceTree = "<group>"; };
		DDAA62C71E117DA700A03C35 /* CardCell.swift */ = {isa = PBXFileReference; fileEncoding = 4; lastKnownFileType = sourcecode.swift; path = CardCell.swift; sourceTree = "<group>"; };
		DDDB56871E158BFC00B9DCE6 /* LoansDetailViewController.swift */ = {isa = PBXFileReference; fileEncoding = 4; lastKnownFileType = sourcecode.swift; path = LoansDetailViewController.swift; sourceTree = "<group>"; };
		DDDB56891E158F9800B9DCE6 /* LoansDetailDatasource.swift */ = {isa = PBXFileReference; fileEncoding = 4; lastKnownFileType = sourcecode.swift; path = LoansDetailDatasource.swift; sourceTree = "<group>"; };
		DDDB568B1E159F8F00B9DCE6 /* LoanDetailCell.swift */ = {isa = PBXFileReference; fileEncoding = 4; lastKnownFileType = sourcecode.swift; path = LoanDetailCell.swift; sourceTree = "<group>"; };
		DDE923391E1A8A3100F35001 /* NotificationConstants.swift */ = {isa = PBXFileReference; fileEncoding = 4; lastKnownFileType = sourcecode.swift; path = NotificationConstants.swift; sourceTree = "<group>"; };
/* End PBXFileReference section */

/* Begin PBXFrameworksBuildPhase section */
		DD6E06811E114E88004A5653 /* Frameworks */ = {
			isa = PBXFrameworksBuildPhase;
			buildActionMask = 2147483647;
			files = (
				F728BD09DF3536056693B01E /* Pods_SWDestiny_Trades.framework in Frameworks */,
			);
			runOnlyForDeploymentPostprocessing = 0;
		};
		DD6E06971E114E88004A5653 /* Frameworks */ = {
			isa = PBXFrameworksBuildPhase;
			buildActionMask = 2147483647;
			files = (
				6EEB8E59A7CCF724CAD4D6C3 /* Pods_SWDestiny_TradesTests.framework in Frameworks */,
			);
			runOnlyForDeploymentPostprocessing = 0;
		};
/* End PBXFrameworksBuildPhase section */

/* Begin PBXGroup section */
		2E1C88C8670E809E04AFB282 /* Frameworks */ = {
			isa = PBXGroup;
			children = (
				552BDCFC5FDA256A1F6D7C76 /* Pods_SWDestiny_Trades.framework */,
				05BA23E165219E258E61F16F /* Pods_SWDestiny_TradesTests.framework */,
			);
			name = Frameworks;
			sourceTree = "<group>";
		};
		DD1770C51E119406000D5D63 /* Model */ = {
			isa = PBXGroup;
			children = (
				DD1770C61E119406000D5D63 /* SetDTO.swift */,
			);
			path = Model;
			sourceTree = "<group>";
		};
		DD1770CA1E11B142000D5D63 /* Model */ = {
			isa = PBXGroup;
			children = (
				DD1770CB1E11B142000D5D63 /* CardDTO.swift */,
			);
			path = Model;
			sourceTree = "<group>";
		};
		DD1770CF1E12985B000D5D63 /* Loans */ = {
			isa = PBXGroup;
			children = (
				DD36C40B1E1A185C00177B64 /* PeopleList */,
				DD2F273F1E1571050044437D /* LoanDetail */,
			);
			path = Loans;
			sourceTree = "<group>";
		};
		DD1770D51E12AF5A000D5D63 /* CardDetail */ = {
			isa = PBXGroup;
			children = (
				DD1770D61E12AF5A000D5D63 /* Controller */,
			);
			path = CardDetail;
			sourceTree = "<group>";
		};
		DD1770D61E12AF5A000D5D63 /* Controller */ = {
			isa = PBXGroup;
			children = (
				DD1770D71E12AF5A000D5D63 /* CardDetailViewController.swift */,
			);
			path = Controller;
			sourceTree = "<group>";
		};
		DD2F273F1E1571050044437D /* LoanDetail */ = {
			isa = PBXGroup;
			children = (
				DD2F27401E1571050044437D /* Controller */,
				DD2F27411E1571050044437D /* Datasource */,
				DD2F27421E1571050044437D /* View */,
			);
			path = LoanDetail;
			sourceTree = "<group>";
		};
		DD2F27401E1571050044437D /* Controller */ = {
			isa = PBXGroup;
			children = (
				DD36C41A1E1A1CCB00177B64 /* AddCardViewController.swift */,
				DDDB56871E158BFC00B9DCE6 /* LoansDetailViewController.swift */,
			);
			path = Controller;
			sourceTree = "<group>";
		};
		DD2F27411E1571050044437D /* Datasource */ = {
			isa = PBXGroup;
			children = (
				DDDB56891E158F9800B9DCE6 /* LoansDetailDatasource.swift */,
			);
			path = Datasource;
			sourceTree = "<group>";
		};
		DD2F27421E1571050044437D /* View */ = {
			isa = PBXGroup;
			children = (
				DDDB568B1E159F8F00B9DCE6 /* LoanDetailCell.swift */,
			);
			path = View;
			sourceTree = "<group>";
		};
		DD36C40B1E1A185C00177B64 /* PeopleList */ = {
			isa = PBXGroup;
			children = (
				DD36C40C1E1A185C00177B64 /* Controller */,
				DD36C40F1E1A185C00177B64 /* Datasource */,
				DD36C4111E1A185C00177B64 /* Model */,
				DD36C4131E1A185C00177B64 /* View */,
			);
			path = PeopleList;
			sourceTree = "<group>";
		};
		DD36C40C1E1A185C00177B64 /* Controller */ = {
			isa = PBXGroup;
			children = (
				DD36C40D1E1A185C00177B64 /* PeopleListViewController.swift */,
				DD36C40E1E1A185C00177B64 /* NewPersonViewController.swift */,
			);
			path = Controller;
			sourceTree = "<group>";
		};
		DD36C40F1E1A185C00177B64 /* Datasource */ = {
			isa = PBXGroup;
			children = (
				DD36C4101E1A185C00177B64 /* PeopleListDatasource.swift */,
			);
			path = Datasource;
			sourceTree = "<group>";
		};
		DD36C4111E1A185C00177B64 /* Model */ = {
			isa = PBXGroup;
			children = (
				DD36C4121E1A185C00177B64 /* PersonDTO.swift */,
			);
			path = Model;
			sourceTree = "<group>";
		};
		DD36C4131E1A185C00177B64 /* View */ = {
			isa = PBXGroup;
			children = (
				DD36C4141E1A185C00177B64 /* LoanCell.swift */,
			);
			path = View;
			sourceTree = "<group>";
		};
		DD6E067B1E114E88004A5653 = {
			isa = PBXGroup;
			children = (
				DD6E06861E114E88004A5653 /* SWDestiny Trades */,
				DD6E069D1E114E88004A5653 /* SWDestiny TradesTests */,
				DD6E06851E114E88004A5653 /* Products */,
				F0F79EAA73208C4792AE7D85 /* Pods */,
				2E1C88C8670E809E04AFB282 /* Frameworks */,
			);
			sourceTree = "<group>";
		};
		DD6E06851E114E88004A5653 /* Products */ = {
			isa = PBXGroup;
			children = (
				DD6E06841E114E88004A5653 /* SWDestiny Trades.app */,
				DD6E069A1E114E88004A5653 /* SWDestiny TradesTests.xctest */,
			);
			name = Products;
			sourceTree = "<group>";
		};
		DD6E06861E114E88004A5653 /* SWDestiny Trades */ = {
			isa = PBXGroup;
			children = (
				DD8E8A9A1E11610100C54FD9 /* Classes */,
				DD6ADEE01E1ADB75008E04CE /* GoogleService-Info.plist */,
				DD6E06951E114E88004A5653 /* Info.plist */,
				DD6E06901E114E88004A5653 /* Assets.xcassets */,
				DD6E06921E114E88004A5653 /* LaunchScreen.storyboard */,
				DD6E068D1E114E88004A5653 /* Main.storyboard */,
			);
			path = "SWDestiny Trades";
			sourceTree = "<group>";
		};
		DD6E069D1E114E88004A5653 /* SWDestiny TradesTests */ = {
			isa = PBXGroup;
			children = (
				DD6E069E1E114E88004A5653 /* SWDestiny_TradesTests.swift */,
				DD6E06A01E114E88004A5653 /* Info.plist */,
			);
			path = "SWDestiny TradesTests";
			sourceTree = "<group>";
		};
		DD77FCE81E13DC3F0046EFCA /* Search */ = {
			isa = PBXGroup;
			children = (
				DD77FCE91E13DC3F0046EFCA /* Controller */,
				DD77FCEB1E13DC3F0046EFCA /* View */,
			);
			path = Search;
			sourceTree = "<group>";
		};
		DD77FCE91E13DC3F0046EFCA /* Controller */ = {
			isa = PBXGroup;
			children = (
				DD77FCEA1E13DC3F0046EFCA /* SearchListViewController.swift */,
			);
			path = Controller;
			sourceTree = "<group>";
		};
		DD77FCEB1E13DC3F0046EFCA /* View */ = {
			isa = PBXGroup;
			children = (
				DD77FCEC1E13DC3F0046EFCA /* CardSearchCell.swift */,
			);
			path = View;
			sourceTree = "<group>";
		};
		DD77FCEF1E140E990046EFCA /* Datasource */ = {
			isa = PBXGroup;
			children = (
				DD77FCF01E140ED10046EFCA /* SetsListDatasource.swift */,
			);
			path = Datasource;
			sourceTree = "<group>";
		};
		DD77FCF21E14237F0046EFCA /* Datasource */ = {
			isa = PBXGroup;
			children = (
				DD77FCF31E14237F0046EFCA /* CardListDatasource.swift */,
			);
			path = Datasource;
			sourceTree = "<group>";
		};
		DD888C3D1E1947820093B3BF /* Utils */ = {
			isa = PBXGroup;
			children = (
				DD888C3E1E1947820093B3BF /* String.swift */,
				DDE923391E1A8A3100F35001 /* NotificationConstants.swift */,
			);
			path = Utils;
			sourceTree = "<group>";
		};
		DD8CE7571E1C27FB00110B07 /* About */ = {
			isa = PBXGroup;
			children = (
				DD8CE7581E1C27FB00110B07 /* Controller */,
			);
			path = About;
			sourceTree = "<group>";
		};
		DD8CE7581E1C27FB00110B07 /* Controller */ = {
			isa = PBXGroup;
			children = (
				DD8CE7591E1C27FB00110B07 /* AboutViewController.swift */,
			);
			path = Controller;
			sourceTree = "<group>";
		};
		DD8E8A9A1E11610100C54FD9 /* Classes */ = {
			isa = PBXGroup;
			children = (
				DD8CE7571E1C27FB00110B07 /* About */,
				DD8E8A9B1E11610100C54FD9 /* AppDelegate */,
				DD8E8A9D1E11610100C54FD9 /* Cards */,
				DD1770CF1E12985B000D5D63 /* Loans */,
				DD9289061E11933C00FDEC48 /* Rest */,
				DD77FCE81E13DC3F0046EFCA /* Search */,
				DD888C3D1E1947820093B3BF /* Utils */,
			);
			path = Classes;
			sourceTree = "<group>";
		};
		DD8E8A9B1E11610100C54FD9 /* AppDelegate */ = {
			isa = PBXGroup;
			children = (
				DD8E8A9C1E11610100C54FD9 /* AppDelegate.swift */,
			);
			path = AppDelegate;
			sourceTree = "<group>";
		};
		DD8E8A9D1E11610100C54FD9 /* Cards */ = {
			isa = PBXGroup;
			children = (
				DD1770D51E12AF5A000D5D63 /* CardDetail */,
				DDAA62BC1E117D6C00A03C35 /* CardList */,
				DDAA62BD1E117D7C00A03C35 /* SetsList */,
			);
			path = Cards;
			sourceTree = "<group>";
		};
		DD9289061E11933C00FDEC48 /* Rest */ = {
			isa = PBXGroup;
			children = (
				DD9289071E11933C00FDEC48 /* BaseAPIClient.swift */,
			);
			path = Rest;
			sourceTree = "<group>";
		};
		DDAA62BC1E117D6C00A03C35 /* CardList */ = {
			isa = PBXGroup;
			children = (
				DDAA62C41E117DA700A03C35 /* Controller */,
				DD77FCF21E14237F0046EFCA /* Datasource */,
				DD1770CA1E11B142000D5D63 /* Model */,
				DDAA62C61E117DA700A03C35 /* View */,
			);
			path = CardList;
			sourceTree = "<group>";
		};
		DDAA62BD1E117D7C00A03C35 /* SetsList */ = {
			isa = PBXGroup;
			children = (
				DDAA62BE1E117D7C00A03C35 /* Controller */,
				DD77FCEF1E140E990046EFCA /* Datasource */,
				DD1770C51E119406000D5D63 /* Model */,
				DDAA62C01E117D7C00A03C35 /* View */,
			);
			path = SetsList;
			sourceTree = "<group>";
		};
		DDAA62BE1E117D7C00A03C35 /* Controller */ = {
			isa = PBXGroup;
			children = (
				DDAA62BF1E117D7C00A03C35 /* SetsListViewController.swift */,
				DD1770C81E11953B000D5D63 /* SetsAPIClient.swift */,
			);
			path = Controller;
			sourceTree = "<group>";
		};
		DDAA62C01E117D7C00A03C35 /* View */ = {
			isa = PBXGroup;
			children = (
				DDAA62C11E117D7C00A03C35 /* SetsTableCell.swift */,
			);
			path = View;
			sourceTree = "<group>";
		};
		DDAA62C41E117DA700A03C35 /* Controller */ = {
			isa = PBXGroup;
			children = (
				DDAA62C51E117DA700A03C35 /* CardListViewController.swift */,
				DD1770CD1E11B51B000D5D63 /* CardsAPIClient.swift */,
			);
			path = Controller;
			sourceTree = "<group>";
		};
		DDAA62C61E117DA700A03C35 /* View */ = {
			isa = PBXGroup;
			children = (
				DDAA62C71E117DA700A03C35 /* CardCell.swift */,
			);
			path = View;
			sourceTree = "<group>";
		};
		F0F79EAA73208C4792AE7D85 /* Pods */ = {
			isa = PBXGroup;
			children = (
				4DB84A888BE92ACC6F1E9E4E /* Pods-SWDestiny Trades.debug.xcconfig */,
				1CBA029A8D87653D1E2BD9EE /* Pods-SWDestiny Trades.release.xcconfig */,
				8901A0001FC742571251CA26 /* Pods-SWDestiny TradesTests.debug.xcconfig */,
				6923C8546BAAAC67833D4293 /* Pods-SWDestiny TradesTests.release.xcconfig */,
			);
			name = Pods;
			sourceTree = "<group>";
		};
/* End PBXGroup section */

/* Begin PBXNativeTarget section */
		DD6E06831E114E88004A5653 /* SWDestiny Trades */ = {
			isa = PBXNativeTarget;
			buildConfigurationList = DD6E06A31E114E88004A5653 /* Build configuration list for PBXNativeTarget "SWDestiny Trades" */;
			buildPhases = (
				F87B7899856A98C73A54FC39 /* [CP] Check Pods Manifest.lock */,
				DD6E06801E114E88004A5653 /* Sources */,
				DD6E06811E114E88004A5653 /* Frameworks */,
				DD6E06821E114E88004A5653 /* Resources */,
				DA16890DEF523551F598506B /* [CP] Embed Pods Frameworks */,
				3852F1E641A35C8CB3D91730 /* [CP] Copy Pods Resources */,
			);
			buildRules = (
			);
			dependencies = (
			);
			name = "SWDestiny Trades";
			productName = "SWDestiny Trades";
			productReference = DD6E06841E114E88004A5653 /* SWDestiny Trades.app */;
			productType = "com.apple.product-type.application";
		};
		DD6E06991E114E88004A5653 /* SWDestiny TradesTests */ = {
			isa = PBXNativeTarget;
			buildConfigurationList = DD6E06A61E114E88004A5653 /* Build configuration list for PBXNativeTarget "SWDestiny TradesTests" */;
			buildPhases = (
				04785EC24B4319764468F3D1 /* [CP] Check Pods Manifest.lock */,
				DD6E06961E114E88004A5653 /* Sources */,
				DD6E06971E114E88004A5653 /* Frameworks */,
				DD6E06981E114E88004A5653 /* Resources */,
				CC13D69527CAD761362F2DC5 /* [CP] Embed Pods Frameworks */,
				01ADA4C156D8771868FC7E29 /* [CP] Copy Pods Resources */,
			);
			buildRules = (
			);
			dependencies = (
				DD6E069C1E114E88004A5653 /* PBXTargetDependency */,
			);
			name = "SWDestiny TradesTests";
			productName = "SWDestiny TradesTests";
			productReference = DD6E069A1E114E88004A5653 /* SWDestiny TradesTests.xctest */;
			productType = "com.apple.product-type.bundle.unit-test";
		};
/* End PBXNativeTarget section */

/* Begin PBXProject section */
		DD6E067C1E114E88004A5653 /* Project object */ = {
			isa = PBXProject;
			attributes = {
				LastSwiftUpdateCheck = 0820;
				LastUpgradeCheck = 0820;
				ORGANIZATIONNAME = "Diogo Autilio";
				TargetAttributes = {
					DD6E06831E114E88004A5653 = {
						CreatedOnToolsVersion = 8.2.1;
						DevelopmentTeam = 75C4E36ZA7;
						ProvisioningStyle = Automatic;
					};
					DD6E06991E114E88004A5653 = {
						CreatedOnToolsVersion = 8.2.1;
						DevelopmentTeam = 75C4E36ZA7;
						ProvisioningStyle = Automatic;
						TestTargetID = DD6E06831E114E88004A5653;
					};
				};
			};
			buildConfigurationList = DD6E067F1E114E88004A5653 /* Build configuration list for PBXProject "SWDestiny Trades" */;
			compatibilityVersion = "Xcode 3.2";
			developmentRegion = English;
			hasScannedForEncodings = 0;
			knownRegions = (
				en,
				Base,
			);
			mainGroup = DD6E067B1E114E88004A5653;
			productRefGroup = DD6E06851E114E88004A5653 /* Products */;
			projectDirPath = "";
			projectRoot = "";
			targets = (
				DD6E06831E114E88004A5653 /* SWDestiny Trades */,
				DD6E06991E114E88004A5653 /* SWDestiny TradesTests */,
			);
		};
/* End PBXProject section */

/* Begin PBXResourcesBuildPhase section */
		DD6E06821E114E88004A5653 /* Resources */ = {
			isa = PBXResourcesBuildPhase;
			buildActionMask = 2147483647;
			files = (
				DD6E06941E114E88004A5653 /* LaunchScreen.storyboard in Resources */,
				DD6ADEE11E1ADB75008E04CE /* GoogleService-Info.plist in Resources */,
				DD6E06911E114E88004A5653 /* Assets.xcassets in Resources */,
				DD6E068F1E114E88004A5653 /* Main.storyboard in Resources */,
			);
			runOnlyForDeploymentPostprocessing = 0;
		};
		DD6E06981E114E88004A5653 /* Resources */ = {
			isa = PBXResourcesBuildPhase;
			buildActionMask = 2147483647;
			files = (
			);
			runOnlyForDeploymentPostprocessing = 0;
		};
/* End PBXResourcesBuildPhase section */

/* Begin PBXShellScriptBuildPhase section */
		01ADA4C156D8771868FC7E29 /* [CP] Copy Pods Resources */ = {
			isa = PBXShellScriptBuildPhase;
			buildActionMask = 2147483647;
			files = (
			);
			inputPaths = (
			);
			name = "[CP] Copy Pods Resources";
			outputPaths = (
			);
			runOnlyForDeploymentPostprocessing = 0;
			shellPath = /bin/sh;
			shellScript = "\"${SRCROOT}/Pods/Target Support Files/Pods-SWDestiny TradesTests/Pods-SWDestiny TradesTests-resources.sh\"\n";
			showEnvVarsInLog = 0;
		};
		04785EC24B4319764468F3D1 /* [CP] Check Pods Manifest.lock */ = {
			isa = PBXShellScriptBuildPhase;
			buildActionMask = 2147483647;
			files = (
			);
			inputPaths = (
			);
			name = "[CP] Check Pods Manifest.lock";
			outputPaths = (
			);
			runOnlyForDeploymentPostprocessing = 0;
			shellPath = /bin/sh;
			shellScript = "diff \"${PODS_ROOT}/../Podfile.lock\" \"${PODS_ROOT}/Manifest.lock\" > /dev/null\nif [ $? != 0 ] ; then\n    # print error to STDERR\n    echo \"error: The sandbox is not in sync with the Podfile.lock. Run 'pod install' or update your CocoaPods installation.\" >&2\n    exit 1\nfi\n";
			showEnvVarsInLog = 0;
		};
		3852F1E641A35C8CB3D91730 /* [CP] Copy Pods Resources */ = {
			isa = PBXShellScriptBuildPhase;
			buildActionMask = 2147483647;
			files = (
			);
			inputPaths = (
			);
			name = "[CP] Copy Pods Resources";
			outputPaths = (
			);
			runOnlyForDeploymentPostprocessing = 0;
			shellPath = /bin/sh;
			shellScript = "\"${SRCROOT}/Pods/Target Support Files/Pods-SWDestiny Trades/Pods-SWDestiny Trades-resources.sh\"\n";
			showEnvVarsInLog = 0;
		};
		CC13D69527CAD761362F2DC5 /* [CP] Embed Pods Frameworks */ = {
			isa = PBXShellScriptBuildPhase;
			buildActionMask = 2147483647;
			files = (
			);
			inputPaths = (
			);
			name = "[CP] Embed Pods Frameworks";
			outputPaths = (
			);
			runOnlyForDeploymentPostprocessing = 0;
			shellPath = /bin/sh;
			shellScript = "\"${SRCROOT}/Pods/Target Support Files/Pods-SWDestiny TradesTests/Pods-SWDestiny TradesTests-frameworks.sh\"\n";
			showEnvVarsInLog = 0;
		};
		DA16890DEF523551F598506B /* [CP] Embed Pods Frameworks */ = {
			isa = PBXShellScriptBuildPhase;
			buildActionMask = 2147483647;
			files = (
			);
			inputPaths = (
			);
			name = "[CP] Embed Pods Frameworks";
			outputPaths = (
			);
			runOnlyForDeploymentPostprocessing = 0;
			shellPath = /bin/sh;
			shellScript = "\"${SRCROOT}/Pods/Target Support Files/Pods-SWDestiny Trades/Pods-SWDestiny Trades-frameworks.sh\"\n";
			showEnvVarsInLog = 0;
		};
		F87B7899856A98C73A54FC39 /* [CP] Check Pods Manifest.lock */ = {
			isa = PBXShellScriptBuildPhase;
			buildActionMask = 2147483647;
			files = (
			);
			inputPaths = (
			);
			name = "[CP] Check Pods Manifest.lock";
			outputPaths = (
			);
			runOnlyForDeploymentPostprocessing = 0;
			shellPath = /bin/sh;
			shellScript = "diff \"${PODS_ROOT}/../Podfile.lock\" \"${PODS_ROOT}/Manifest.lock\" > /dev/null\nif [ $? != 0 ] ; then\n    # print error to STDERR\n    echo \"error: The sandbox is not in sync with the Podfile.lock. Run 'pod install' or update your CocoaPods installation.\" >&2\n    exit 1\nfi\n";
			showEnvVarsInLog = 0;
		};
/* End PBXShellScriptBuildPhase section */

/* Begin PBXSourcesBuildPhase section */
		DD6E06801E114E88004A5653 /* Sources */ = {
			isa = PBXSourcesBuildPhase;
			buildActionMask = 2147483647;
			files = (
				DD1770D81E12AF5A000D5D63 /* CardDetailViewController.swift in Sources */,
				DD1770CC1E11B142000D5D63 /* CardDTO.swift in Sources */,
				DD36C4181E1A185C00177B64 /* PersonDTO.swift in Sources */,
				DD36C4191E1A185C00177B64 /* LoanCell.swift in Sources */,
				DDAA62C21E117D7C00A03C35 /* SetsListViewController.swift in Sources */,
				DD1770CE1E11B51B000D5D63 /* CardsAPIClient.swift in Sources */,
				DD77FCF41E14237F0046EFCA /* CardListDatasource.swift in Sources */,
				DDDB56881E158BFD00B9DCE6 /* LoansDetailViewController.swift in Sources */,
				DDAA62C31E117D7C00A03C35 /* SetsTableCell.swift in Sources */,
				DD77FCED1E13DC3F0046EFCA /* SearchListViewController.swift in Sources */,
				DD1770C91E11953B000D5D63 /* SetsAPIClient.swift in Sources */,
				DD77FCF11E140ED10046EFCA /* SetsListDatasource.swift in Sources */,
				DD8CE75A1E1C27FB00110B07 /* AboutViewController.swift in Sources */,
				DD888C3F1E1947820093B3BF /* String.swift in Sources */,
				DD36C4161E1A185C00177B64 /* NewPersonViewController.swift in Sources */,
				DD77FCEE1E13DC3F0046EFCA /* CardSearchCell.swift in Sources */,
				DD36C4151E1A185C00177B64 /* PeopleListViewController.swift in Sources */,
				DD9289081E11933C00FDEC48 /* BaseAPIClient.swift in Sources */,
				DD8E8AA61E11610100C54FD9 /* AppDelegate.swift in Sources */,
				DDE9233A1E1A8A3100F35001 /* NotificationConstants.swift in Sources */,
				DD36C4171E1A185C00177B64 /* PeopleListDatasource.swift in Sources */,
				DDDB568C1E159F8F00B9DCE6 /* LoanDetailCell.swift in Sources */,
				DDAA62C81E117DA700A03C35 /* CardListViewController.swift in Sources */,
				DDDB568A1E158F9800B9DCE6 /* LoansDetailDatasource.swift in Sources */,
				DD1770C71E119406000D5D63 /* SetDTO.swift in Sources */,
				DDAA62C91E117DA700A03C35 /* CardCell.swift in Sources */,
				DD36C41B1E1A1CCB00177B64 /* AddCardViewController.swift in Sources */,
			);
			runOnlyForDeploymentPostprocessing = 0;
		};
		DD6E06961E114E88004A5653 /* Sources */ = {
			isa = PBXSourcesBuildPhase;
			buildActionMask = 2147483647;
			files = (
				DD6E069F1E114E88004A5653 /* SWDestiny_TradesTests.swift in Sources */,
			);
			runOnlyForDeploymentPostprocessing = 0;
		};
/* End PBXSourcesBuildPhase section */

/* Begin PBXTargetDependency section */
		DD6E069C1E114E88004A5653 /* PBXTargetDependency */ = {
			isa = PBXTargetDependency;
			target = DD6E06831E114E88004A5653 /* SWDestiny Trades */;
			targetProxy = DD6E069B1E114E88004A5653 /* PBXContainerItemProxy */;
		};
/* End PBXTargetDependency section */

/* Begin PBXVariantGroup section */
		DD6E068D1E114E88004A5653 /* Main.storyboard */ = {
			isa = PBXVariantGroup;
			children = (
				DD6E068E1E114E88004A5653 /* Base */,
			);
			name = Main.storyboard;
			sourceTree = "<group>";
		};
		DD6E06921E114E88004A5653 /* LaunchScreen.storyboard */ = {
			isa = PBXVariantGroup;
			children = (
				DD6E06931E114E88004A5653 /* Base */,
			);
			name = LaunchScreen.storyboard;
			sourceTree = "<group>";
		};
/* End PBXVariantGroup section */

/* Begin XCBuildConfiguration section */
		DD6E06A11E114E88004A5653 /* Debug */ = {
			isa = XCBuildConfiguration;
			buildSettings = {
				ALWAYS_SEARCH_USER_PATHS = NO;
				CLANG_ANALYZER_NONNULL = YES;
				CLANG_CXX_LANGUAGE_STANDARD = "gnu++0x";
				CLANG_CXX_LIBRARY = "libc++";
				CLANG_ENABLE_MODULES = YES;
				CLANG_ENABLE_OBJC_ARC = YES;
				CLANG_WARN_BOOL_CONVERSION = YES;
				CLANG_WARN_CONSTANT_CONVERSION = YES;
				CLANG_WARN_DIRECT_OBJC_ISA_USAGE = YES_ERROR;
				CLANG_WARN_DOCUMENTATION_COMMENTS = YES;
				CLANG_WARN_EMPTY_BODY = YES;
				CLANG_WARN_ENUM_CONVERSION = YES;
				CLANG_WARN_INFINITE_RECURSION = YES;
				CLANG_WARN_INT_CONVERSION = YES;
				CLANG_WARN_OBJC_ROOT_CLASS = YES_ERROR;
				CLANG_WARN_SUSPICIOUS_MOVE = YES;
				CLANG_WARN_UNREACHABLE_CODE = YES;
				CLANG_WARN__DUPLICATE_METHOD_MATCH = YES;
				"CODE_SIGN_IDENTITY[sdk=iphoneos*]" = "iPhone Developer";
				COPY_PHASE_STRIP = NO;
				DEBUG_INFORMATION_FORMAT = dwarf;
				ENABLE_STRICT_OBJC_MSGSEND = YES;
				ENABLE_TESTABILITY = YES;
				GCC_C_LANGUAGE_STANDARD = gnu99;
				GCC_DYNAMIC_NO_PIC = NO;
				GCC_NO_COMMON_BLOCKS = YES;
				GCC_OPTIMIZATION_LEVEL = 0;
				GCC_PREPROCESSOR_DEFINITIONS = (
					"DEBUG=1",
					"$(inherited)",
				);
				GCC_WARN_64_TO_32_BIT_CONVERSION = YES;
				GCC_WARN_ABOUT_RETURN_TYPE = YES_ERROR;
				GCC_WARN_UNDECLARED_SELECTOR = YES;
				GCC_WARN_UNINITIALIZED_AUTOS = YES_AGGRESSIVE;
				GCC_WARN_UNUSED_FUNCTION = YES;
				GCC_WARN_UNUSED_VARIABLE = YES;
				IPHONEOS_DEPLOYMENT_TARGET = 8.0;
				MTL_ENABLE_DEBUG_INFO = YES;
				ONLY_ACTIVE_ARCH = YES;
				SDKROOT = iphoneos;
				SWIFT_ACTIVE_COMPILATION_CONDITIONS = DEBUG;
				SWIFT_OPTIMIZATION_LEVEL = "-Onone";
				TARGETED_DEVICE_FAMILY = "1,2";
			};
			name = Debug;
		};
		DD6E06A21E114E88004A5653 /* Release */ = {
			isa = XCBuildConfiguration;
			buildSettings = {
				ALWAYS_SEARCH_USER_PATHS = NO;
				CLANG_ANALYZER_NONNULL = YES;
				CLANG_CXX_LANGUAGE_STANDARD = "gnu++0x";
				CLANG_CXX_LIBRARY = "libc++";
				CLANG_ENABLE_MODULES = YES;
				CLANG_ENABLE_OBJC_ARC = YES;
				CLANG_WARN_BOOL_CONVERSION = YES;
				CLANG_WARN_CONSTANT_CONVERSION = YES;
				CLANG_WARN_DIRECT_OBJC_ISA_USAGE = YES_ERROR;
				CLANG_WARN_DOCUMENTATION_COMMENTS = YES;
				CLANG_WARN_EMPTY_BODY = YES;
				CLANG_WARN_ENUM_CONVERSION = YES;
				CLANG_WARN_INFINITE_RECURSION = YES;
				CLANG_WARN_INT_CONVERSION = YES;
				CLANG_WARN_OBJC_ROOT_CLASS = YES_ERROR;
				CLANG_WARN_SUSPICIOUS_MOVE = YES;
				CLANG_WARN_UNREACHABLE_CODE = YES;
				CLANG_WARN__DUPLICATE_METHOD_MATCH = YES;
				"CODE_SIGN_IDENTITY[sdk=iphoneos*]" = "iPhone Developer";
				COPY_PHASE_STRIP = NO;
				DEBUG_INFORMATION_FORMAT = "dwarf-with-dsym";
				ENABLE_NS_ASSERTIONS = NO;
				ENABLE_STRICT_OBJC_MSGSEND = YES;
				GCC_C_LANGUAGE_STANDARD = gnu99;
				GCC_NO_COMMON_BLOCKS = YES;
				GCC_WARN_64_TO_32_BIT_CONVERSION = YES;
				GCC_WARN_ABOUT_RETURN_TYPE = YES_ERROR;
				GCC_WARN_UNDECLARED_SELECTOR = YES;
				GCC_WARN_UNINITIALIZED_AUTOS = YES_AGGRESSIVE;
				GCC_WARN_UNUSED_FUNCTION = YES;
				GCC_WARN_UNUSED_VARIABLE = YES;
				IPHONEOS_DEPLOYMENT_TARGET = 8.0;
				MTL_ENABLE_DEBUG_INFO = NO;
				SDKROOT = iphoneos;
				SWIFT_OPTIMIZATION_LEVEL = "-Owholemodule";
				TARGETED_DEVICE_FAMILY = "1,2";
				VALIDATE_PRODUCT = YES;
			};
			name = Release;
		};
		DD6E06A41E114E88004A5653 /* Debug */ = {
			isa = XCBuildConfiguration;
			baseConfigurationReference = 4DB84A888BE92ACC6F1E9E4E /* Pods-SWDestiny Trades.debug.xcconfig */;
			buildSettings = {
				ASSETCATALOG_COMPILER_APPICON_NAME = AppIcon;
				DEVELOPMENT_TEAM = 75C4E36ZA7;
				INFOPLIST_FILE = "SWDestiny Trades/Info.plist";
				LD_RUNPATH_SEARCH_PATHS = "$(inherited) @executable_path/Frameworks";
				PRODUCT_BUNDLE_IDENTIFIER = "br.com.anykey.SWDestiny-Trades";
				PRODUCT_NAME = "$(TARGET_NAME)";
				SWIFT_VERSION = 3.0;
			};
			name = Debug;
		};
		DD6E06A51E114E88004A5653 /* Release */ = {
			isa = XCBuildConfiguration;
			baseConfigurationReference = 1CBA029A8D87653D1E2BD9EE /* Pods-SWDestiny Trades.release.xcconfig */;
			buildSettings = {
				ASSETCATALOG_COMPILER_APPICON_NAME = AppIcon;
				DEVELOPMENT_TEAM = 75C4E36ZA7;
				INFOPLIST_FILE = "SWDestiny Trades/Info.plist";
				LD_RUNPATH_SEARCH_PATHS = "$(inherited) @executable_path/Frameworks";
				PRODUCT_BUNDLE_IDENTIFIER = "br.com.anykey.SWDestiny-Trades";
				PRODUCT_NAME = "$(TARGET_NAME)";
				SWIFT_VERSION = 3.0;
			};
			name = Release;
		};
		DD6E06A71E114E88004A5653 /* Debug */ = {
			isa = XCBuildConfiguration;
			baseConfigurationReference = 8901A0001FC742571251CA26 /* Pods-SWDestiny TradesTests.debug.xcconfig */;
			buildSettings = {
				ALWAYS_EMBED_SWIFT_STANDARD_LIBRARIES = YES;
				BUNDLE_LOADER = "$(TEST_HOST)";
				DEVELOPMENT_TEAM = 75C4E36ZA7;
				INFOPLIST_FILE = "SWDestiny TradesTests/Info.plist";
				LD_RUNPATH_SEARCH_PATHS = "$(inherited) @executable_path/Frameworks @loader_path/Frameworks";
				PRODUCT_BUNDLE_IDENTIFIER = "br.com.anykey.SWDestiny-TradesTests";
				PRODUCT_NAME = "$(TARGET_NAME)";
				SWIFT_VERSION = 3.0;
				TEST_HOST = "$(BUILT_PRODUCTS_DIR)/SWDestiny Trades.app/SWDestiny Trades";
			};
			name = Debug;
		};
		DD6E06A81E114E88004A5653 /* Release */ = {
			isa = XCBuildConfiguration;
			baseConfigurationReference = 6923C8546BAAAC67833D4293 /* Pods-SWDestiny TradesTests.release.xcconfig */;
			buildSettings = {
				ALWAYS_EMBED_SWIFT_STANDARD_LIBRARIES = YES;
				BUNDLE_LOADER = "$(TEST_HOST)";
				DEVELOPMENT_TEAM = 75C4E36ZA7;
				INFOPLIST_FILE = "SWDestiny TradesTests/Info.plist";
				LD_RUNPATH_SEARCH_PATHS = "$(inherited) @executable_path/Frameworks @loader_path/Frameworks";
				PRODUCT_BUNDLE_IDENTIFIER = "br.com.anykey.SWDestiny-TradesTests";
				PRODUCT_NAME = "$(TARGET_NAME)";
				SWIFT_VERSION = 3.0;
				TEST_HOST = "$(BUILT_PRODUCTS_DIR)/SWDestiny Trades.app/SWDestiny Trades";
			};
			name = Release;
		};
/* End XCBuildConfiguration section */

/* Begin XCConfigurationList section */
		DD6E067F1E114E88004A5653 /* Build configuration list for PBXProject "SWDestiny Trades" */ = {
			isa = XCConfigurationList;
			buildConfigurations = (
				DD6E06A11E114E88004A5653 /* Debug */,
				DD6E06A21E114E88004A5653 /* Release */,
			);
			defaultConfigurationIsVisible = 0;
			defaultConfigurationName = Release;
		};
		DD6E06A31E114E88004A5653 /* Build configuration list for PBXNativeTarget "SWDestiny Trades" */ = {
			isa = XCConfigurationList;
			buildConfigurations = (
				DD6E06A41E114E88004A5653 /* Debug */,
				DD6E06A51E114E88004A5653 /* Release */,
			);
			defaultConfigurationIsVisible = 0;
			defaultConfigurationName = Release;
		};
		DD6E06A61E114E88004A5653 /* Build configuration list for PBXNativeTarget "SWDestiny TradesTests" */ = {
			isa = XCConfigurationList;
			buildConfigurations = (
				DD6E06A71E114E88004A5653 /* Debug */,
				DD6E06A81E114E88004A5653 /* Release */,
			);
			defaultConfigurationIsVisible = 0;
			defaultConfigurationName = Release;
		};
/* End XCConfigurationList section */
	};
	rootObject = DD6E067C1E114E88004A5653 /* Project object */;
}
