{
  "pins" : [
    {
      "identity" : "abseil-cpp-swiftpm",
      "kind" : "remoteSourceControl",
      "location" : "https://github.com/firebase/abseil-cpp-SwiftPM.git",
      "state" : {
        "revision" : "d302de612e3d57c6f4afaf087da18fba8eac72a7",
        "version" : "0.20220203.1"
      }
    },
    {
      "identity" : "alamofire",
      "kind" : "remoteSourceControl",
      "location" : "https://github.com/Alamofire/Alamofire.git",
      "state" : {
        "revision" : "354dda32d89fc8cd4f5c46487f64957d355f53d8",
        "version" : "5.6.1"
      }
    },
    {
      "identity" : "alamofireimage",
      "kind" : "remoteSourceControl",
      "location" : "https://github.com/Alamofire/AlamofireImage.git",
      "state" : {
        "revision" : "98cbb00ce0ec5fc8e52a5b50a6bfc08d3e5aee10",
        "version" : "4.2.0"
      }
    },
    {
      "identity" : "boringssl-swiftpm",
      "kind" : "remoteSourceControl",
      "location" : "https://github.com/firebase/boringssl-SwiftPM.git",
      "state" : {
        "revision" : "79db6516894a932d0ddaff3b05b9da1e4f6c4069",
        "version" : "0.9.0"
      }
    },
    {
      "identity" : "charts",
      "kind" : "remoteSourceControl",
      "location" : "https://github.com/danielgindi/Charts",
      "state" : {
        "revision" : "b38b8d45a8cbda9f0f2a3566778ed114f06056b7",
        "version" : "4.0.3"
      }
    },
    {
      "identity" : "cwlcatchexception",
      "kind" : "remoteSourceControl",
      "location" : "https://github.com/mattgallagher/CwlCatchException.git",
      "state" : {
        "revision" : "35f9e770f54ce62dd8526470f14c6e137cef3eea",
        "version" : "2.1.1"
      }
    },
    {
      "identity" : "cwlpreconditiontesting",
      "kind" : "remoteSourceControl",
      "location" : "https://github.com/mattgallagher/CwlPreconditionTesting.git",
      "state" : {
        "revision" : "c21f7bab5ca8eee0a9998bbd17ca1d0eb45d4688",
        "version" : "2.1.0"
      }
    },
    {
      "identity" : "firebase-ios-sdk",
      "kind" : "remoteSourceControl",
      "location" : "https://github.com/firebase/firebase-ios-sdk",
      "state" : {
        "revision" : "2eb177effe7baf1f13ad0c5f4eb8c71a98429fb5",
        "version" : "9.1.0"
      }
    },
    {
      "identity" : "ftpopovermenu_swift",
      "kind" : "remoteSourceControl",
      "location" : "https://github.com/liufengting/FTPopOverMenu_Swift",
      "state" : {
        "revision" : "69c156afc761127a8842b0bea6a7de6e673cd863",
        "version" : "0.4.4"
      }
    },
    {
      "identity" : "googleappmeasurement",
      "kind" : "remoteSourceControl",
      "location" : "https://github.com/google/GoogleAppMeasurement.git",
      "state" : {
        "revision" : "192cce3e0486aecfdb61102a9c694c78dc89dc48",
        "version" : "9.1.0"
      }
    },
    {
      "identity" : "googledatatransport",
      "kind" : "remoteSourceControl",
      "location" : "https://github.com/google/GoogleDataTransport.git",
      "state" : {
        "revision" : "b905c49326b72211531ed9d7baa02d724828a8dc",
        "version" : "9.1.4"
      }
    },
    {
      "identity" : "googleutilities",
      "kind" : "remoteSourceControl",
      "location" : "https://github.com/google/GoogleUtilities.git",
      "state" : {
        "revision" : "f4abe56ce62a779e64b525eb133c8fc2a84bbc1f",
        "version" : "7.7.1"
      }
    },
    {
      "identity" : "grpc-ios",
      "kind" : "remoteSourceControl",
      "location" : "https://github.com/grpc/grpc-ios.git",
      "state" : {
        "revision" : "2af4f6e9c2b18beae228f50b1198c641be859d2b",
        "version" : "1.44.2-grpc"
      }
    },
    {
      "identity" : "gtm-session-fetcher",
      "kind" : "remoteSourceControl",
      "location" : "https://github.com/google/gtm-session-fetcher.git",
      "state" : {
        "revision" : "19605024d59eaefdb1f6a2cb11ebe75df4421126",
        "version" : "2.0.0"
      }
    },
    {
      "identity" : "imageslideshow",
      "kind" : "remoteSourceControl",
      "location" : "https://github.com/zvonicek/ImageSlideshow",
      "state" : {
        "revision" : "a54e24d47944a1ca84c2a7bf03cb435425a9929d",
        "version" : "1.9.2"
      }
    },
    {
      "identity" : "ios-snapshot-test-case",
      "kind" : "remoteSourceControl",
      "location" : "https://github.com/uber/ios-snapshot-test-case.git",
      "state" : {
        "revision" : "7b10770333a961be6e5a41c9ce04b8c6d3990126",
        "version" : "8.0.0"
      }
    },
    {
      "identity" : "kingfisher",
      "kind" : "remoteSourceControl",
      "location" : "https://github.com/onevcat/Kingfisher",
      "state" : {
        "revision" : "1a0c2df04b31ed7aa318354f3583faea24f006fc",
        "version" : "5.15.8"
      }
    },
    {
      "identity" : "leveldb",
      "kind" : "remoteSourceControl",
      "location" : "https://github.com/firebase/leveldb.git",
      "state" : {
        "revision" : "0706abcc6b0bd9cedfbb015ba840e4a780b5159b",
        "version" : "1.22.2"
      }
    },
    {
      "identity" : "nanopb",
      "kind" : "remoteSourceControl",
      "location" : "https://github.com/firebase/nanopb.git",
      "state" : {
        "revision" : "819d0a2173aff699fb8c364b6fb906f7cdb1a692",
        "version" : "2.30909.0"
      }
    },
    {
      "identity" : "nimble",
      "kind" : "remoteSourceControl",
      "location" : "https://github.com/Quick/Nimble",
      "state" : {
        "revision" : "1f3bde57bde12f5e7b07909848c071e9b73d6edc",
        "version" : "10.0.0"
      }
    },
    {
      "identity" : "nimble-snapshots",
      "kind" : "remoteSourceControl",
      "location" : "https://github.com/ashfurrow/Nimble-Snapshots",
      "state" : {
        "revision" : "315171874edd18935e050fc97a7e6287d0a9c14f",
        "version" : "9.4.0"
      }
    },
    {
      "identity" : "pkhud",
      "kind" : "remoteSourceControl",
      "location" : "https://github.com/dogo/PKHUD",
      "state" : {
        "branch" : "fix/spm-resource",
        "revision" : "c76d4ac8790608d49e946f87cfe9278770a670f9"
      }
    },
    {
      "identity" : "promises",
      "kind" : "remoteSourceControl",
      "location" : "https://github.com/google/promises.git",
      "state" : {
        "revision" : "46c1e6b5ac09d8f82c991061c659f67e573d425d",
        "version" : "2.1.0"
      }
    },
    {
      "identity" : "quick",
      "kind" : "remoteSourceControl",
      "location" : "https://github.com/Quick/Quick",
      "state" : {
        "revision" : "f9d519828bb03dfc8125467d8f7b93131951124c",
        "version" : "5.0.1"
      }
    },
    {
      "identity" : "sdwebimage",
      "kind" : "remoteSourceControl",
      "location" : "https://github.com/SDWebImage/SDWebImage.git",
      "state" : {
        "revision" : "b729cc14f65e1412efc781a4cc46bd7f4720a3ae",
        "version" : "5.12.6"
      }
    },
    {
      "identity" : "sketchkit",
      "kind" : "remoteSourceControl",
      "location" : "https://github.com/dogo/SketchKit",
      "state" : {
        "revision" : "edbe488e7272aefc52d3f878a71f6e61e4bda6d1",
        "version" : "2.0.0"
      }
    },
    {
      "identity" : "swift-algorithms",
      "kind" : "remoteSourceControl",
      "location" : "https://github.com/apple/swift-algorithms",
      "state" : {
        "revision" : "b14b7f4c528c942f121c8b860b9410b2bf57825e",
        "version" : "1.0.0"
      }
    },
    {
      "identity" : "swift-numerics",
      "kind" : "remoteSourceControl",
      "location" : "https://github.com/apple/swift-numerics",
      "state" : {
        "revision" : "0a5bc04095a675662cf24757cc0640aa2204253b",
        "version" : "1.0.2"
      }
    },
    {
      "identity" : "swift-protobuf",
      "kind" : "remoteSourceControl",
      "location" : "https://github.com/apple/swift-protobuf.git",
      "state" : {
        "revision" : "e1499bc69b9040b29184f7f2996f7bab467c1639",
        "version" : "1.19.0"
      }
    },
    {
      "identity" : "swiftmessages",
      "kind" : "remoteSourceControl",
      "location" : "https://github.com/SwiftKickMobile/SwiftMessages",
      "state" : {
        "revision" : "b29dd21090b708aa0ae9ecbaf6e2d0487028dc3f",
        "version" : "9.0.6"
      }
    }
  ],
  "version" : 2
}
